
Microsoft Visual Studio Solution File, Format Version 12.00
# Visual Studio Version 16
VisualStudioVersion = 16.0.30517.126
MinimumVisualStudioVersion = 10.0.40219.1
Project("{8BC9CEB8-8B4A-11D0-8D11-00A0C91BC942}") = "VarDemo", "VarDemo\VarDemo.vcxproj", "{CD7BB930-48DA-4199-8FA1-829A42BA1B2C}"
EndProject
Project("{8BC9CEB8-8B4A-11D0-8D11-00A0C91BC942}") = "Using_an_operator", "Using_an_operator\Using_an_operator.vcxproj", "{5ECE2FBE-F9A8-4D82-A149-DDFFB7403B12}"
EndProject
Project("{8BC9CEB8-8B4A-11D0-8D11-00A0C91BC942}") = "Shorthand", "Shorthand\Shorthand.vcxproj", "{FB0F77A6-7C31-4DBC-AE43-21F89EBC4A35}"
EndProject
Project("{8BC9CEB8-8B4A-11D0-8D11-00A0C91BC942}") = "Plummy voice", "Plummy voice\Plummy voice.vcxproj", "{8181CE08-25D0-475B-B08F-BA3303867237}"
EndProject
Project("{8BC9CEB8-8B4A-11D0-8D11-00A0C91BC942}") = "Make no mistake", "Make no mistake\Make no mistake.vcxproj", "{CA45A483-900F-4F5B-8945-974793370DF9}"
EndProject
Project("{8BC9CEB8-8B4A-11D0-8D11-00A0C91BC942}") = "Reckless_(Carriage return-linefeed)", "Reckless\Reckless.vcxproj", "{FE05DF7F-FE1A-4CCF-9B28-8BFF0CB67384}"
EndProject
Project("{8BC9CEB8-8B4A-11D0-8D11-00A0C91BC942}") = "Project1-1 Converting Feet to Meters", "Project1-1 Converting Feet to Meters\Project1-1 Converting Feet to Meters.vcxproj", "{AF58C09C-CBE2-4844-B222-469E986720F9}"
EndProject
Project("{8BC9CEB8-8B4A-11D0-8D11-00A0C91BC942}") = "Demonstrate the IF", "Demonstrate the IF\Demonstrate the IF.vcxproj", "{F75330F2-824A-4163-8376-40179A06FDC0}"
EndProject
Project("{8BC9CEB8-8B4A-11D0-8D11-00A0C91BC942}") = "Greed", "Greed\Greed.vcxproj", "{9BE694FC-C6EA-4037-9588-3660CC945B11}"
EndProject
Project("{8BC9CEB8-8B4A-11D0-8D11-00A0C91BC942}") = "The upper hand", "The upper hand\The upper hand.vcxproj", "{0432AC7E-A615-467C-95C2-CEC1EBC9BD4E}"
EndProject
Project("{8BC9CEB8-8B4A-11D0-8D11-00A0C91BC942}") = "Benchmark_circuit", "Benchmark_circuit\Benchmark_circuit.vcxproj", "{3F79EBD2-D167-4E82-930E-D2BAB2CFB3DE}"
EndProject
Project("{8BC9CEB8-8B4A-11D0-8D11-00A0C91BC942}") = "Benchmark_circuit2", "Benchmark_circuit2\Benchmark_circuit2.vcxproj", "{C054D039-FD45-4CEF-AEBC-A92175F237C8}"
EndProject
Project("{8BC9CEB8-8B4A-11D0-8D11-00A0C91BC942}") = "Benchmark_circuit3", "Benchmark_circuit3\Benchmark_circuit3.vcxproj", "{A6239DC3-D1CD-4FD7-9A1B-62476697A723}"
EndProject
Project("{8BC9CEB8-8B4A-11D0-8D11-00A0C91BC942}") = "Benchmark_circuit4", "Benchmark_circuit4\Benchmark_circuit4.vcxproj", "{88CFA61A-671D-44D6-9B3D-81E8F241311B}"
EndProject
Project("{8BC9CEB8-8B4A-11D0-8D11-00A0C91BC942}") = "Write_to_file", "Write_to_file\Write_to_file.vcxproj", "{72AB599D-EDCF-4BCF-83D0-1576D2691BEC}"
EndProject
Project("{8BC9CEB8-8B4A-11D0-8D11-00A0C91BC942}") = "Read_from_file", "Read_from_file\Read_from_file.vcxproj", "{A3EA38F4-67ED-4273-B90E-A65FC69498D4}"
EndProject
Project("{8BC9CEB8-8B4A-11D0-8D11-00A0C91BC942}") = "Display_a_file_using_get()", "Display_a_file_using_get()\Display_a_file_using_get().vcxproj", "{697A2E10-E842-41D3-AF83-BD620610F601}"
EndProject
Project("{8BC9CEB8-8B4A-11D0-8D11-00A0C91BC942}") = "Reading_a_text_file", "Reading_a_text_file\Reading_a_text_file.vcxproj", "{D71C956A-033B-4580-988A-D8471B914D05}"
EndProject
Project("{8BC9CEB8-8B4A-11D0-8D11-00A0C91BC942}") = "Feet to Meter Conversions", "Feet to Meter Conversions\Feet to Meter Conversions.vcxproj", "{E0C79671-33ED-4E9A-94A6-A45B2C9C8DA9}"
EndProject
Project("{8BC9CEB8-8B4A-11D0-8D11-00A0C91BC942}") = "Absolute_Value_Function", "Absolute_Value_Function\Absolute_Value_Function.vcxproj", "{57E077AA-90A8-4CBA-910E-37ADF0E86B94}"
EndProject
Project("{8BC9CEB8-8B4A-11D0-8D11-00A0C91BC942}") = "The difference between signed and unsigned integers", "The difference between signed and unsigned integers\The difference between signed and unsigned integers.vcxproj", "{2CFDF0BA-16A8-47EF-B64F-018D03EC4A7D}"
EndProject
Project("{8BC9CEB8-8B4A-11D0-8D11-00A0C91BC942}") = "Alphabet", "Alphabet\Alphabet.vcxproj", "{575FD39F-4654-4AC3-A25C-20BF0F35A73D}"
EndProject
Project("{8BC9CEB8-8B4A-11D0-8D11-00A0C91BC942}") = "Square_root", "Square_root\Square_root.vcxproj", "{B6C05BFE-96E1-4BCE-A8AF-43FDE6C5652C}"
EndProject
Project("{8BC9CEB8-8B4A-11D0-8D11-00A0C91BC942}") = "Boolean", "Boolean\Boolean.vcxproj", "{A22E084E-218D-41BD-BF69-BACD8EDE5874}"
EndProject
Project("{8BC9CEB8-8B4A-11D0-8D11-00A0C91BC942}") = "Talking to Mars", "Talking to Mars\Talking to Mars.vcxproj", "{B1F97E71-9157-47D2-84FD-4E52D0B27757}"
EndProject
Project("{8BC9CEB8-8B4A-11D0-8D11-00A0C91BC942}") = "Escape_sequences", "Escape_sequences\Escape_sequences.vcxproj", "{78DA71F9-78E7-4888-A5B4-95F77503BC35}"
EndProject
Project("{8BC9CEB8-8B4A-11D0-8D11-00A0C91BC942}") = "Escape_sequences2", "Escape_sequences2\Escape_sequences2.vcxproj", "{E462CEA3-2CC7-42BB-95C5-4393B1EC4EC6}"
EndProject
Project("{8BC9CEB8-8B4A-11D0-8D11-00A0C91BC942}") = "Dynamic initialization", "Dynamic initialization\Dynamic initialization.vcxproj", "{3D17FD61-7AF1-494B-B6AF-81D9C34BCFAE}"
EndProject
Project("{8BC9CEB8-8B4A-11D0-8D11-00A0C91BC942}") = "Modulus", "Modulus\Modulus.vcxproj", "{67530D8E-6F83-4093-91E6-EC22D12047D1}"
EndProject
Project("{8BC9CEB8-8B4A-11D0-8D11-00A0C91BC942}") = "XOR", "XOR\XOR.vcxproj", "{6FEAB3BE-8720-4B9A-923E-560581CD4B6E}"
EndProject
Project("{8BC9CEB8-8B4A-11D0-8D11-00A0C91BC942}") = "if-else-if ladder", "if-else-if ladder\if-else-if ladder.vcxproj", "{33AA669F-94D4-45E5-8C37-30AE2ACD5B42}"
EndProject
Project("{8BC9CEB8-8B4A-11D0-8D11-00A0C91BC942}") = "Switch", "Switch\Switch.vcxproj", "{9F4A62C9-85D7-4FA1-987D-74887BE20B1A}"
EndProject
Project("{8BC9CEB8-8B4A-11D0-8D11-00A0C91BC942}") = "A_switch_without_break", "A_switch_without_break\A_switch_without_break.vcxproj", "{107CC8E1-1E7A-434F-98D4-50F9F3AED2B7}"
EndProject
Project("{8BC9CEB8-8B4A-11D0-8D11-00A0C91BC942}") = "Project3-1", "Project1\Project1.vcxproj", "{5D886CEB-CD02-4662-934E-521F5E607CD0}"
EndProject
Project("{8BC9CEB8-8B4A-11D0-8D11-00A0C91BC942}") = "For-loop", "For-loop\For-loop.vcxproj", "{8B4E1F1A-34B6-40DB-9F1D-0D6196FA60C9}"
EndProject
Project("{8BC9CEB8-8B4A-11D0-8D11-00A0C91BC942}") = "For-loop2", "For-loop2\For-loop2.vcxproj", "{A650CB74-EDB7-4F85-8A69-B9F8F92CAC68}"
EndProject
Project("{8BC9CEB8-8B4A-11D0-8D11-00A0C91BC942}") = "Conditional expression of for loop", "Conditional expression of for loop\Conditional expression of for loop.vcxproj", "{FD683532-5CC2-49D1-A8B4-0B7B5484FF54}"
EndProject
Project("{8BC9CEB8-8B4A-11D0-8D11-00A0C91BC942}") = "for loop without increment", "for loop without increment\for loop without increment.vcxproj", "{3B8F1C1A-315F-4D55-B934-15906F6E8147}"
EndProject
Project("{8BC9CEB8-8B4A-11D0-8D11-00A0C91BC942}") = "For_loop_null_body", "For_loop_null_body\For_loop_null_body.vcxproj", "{401F0335-8BAD-4F89-8AE2-FEA847EFD19F}"
EndProject
Project("{8BC9CEB8-8B4A-11D0-8D11-00A0C91BC942}") = "Loop_control_variable", "Loop_control_variable\Loop_control_variable.vcxproj", "{55F0A28C-F736-484F-9F63-65E9BB38EE65}"
EndProject
Project("{8BC9CEB8-8B4A-11D0-8D11-00A0C91BC942}") = "Creating a function", "Creating a function\Creating a function.vcxproj", "{F0108FFF-E342-4375-95A3-ABFBCC842245}"
EndProject
Project("{8BC9CEB8-8B4A-11D0-8D11-00A0C91BC942}") = "While_loop", "While_loop\While_loop.vcxproj", "{0FAE5FF7-6F8B-497B-A61D-D893A13A3145}"
EndProject
Project("{8BC9CEB8-8B4A-11D0-8D11-00A0C91BC942}") = "while loop2", "do-while2\do-while2.vcxproj", "{D97A702D-F45C-422C-B861-7503DE8CB1A2}"
EndProject
Project("{8BC9CEB8-8B4A-11D0-8D11-00A0C91BC942}") = "Do-while", "Do-while\Do-while.vcxproj", "{7F6E6500-85F0-49CA-B4D9-321CAB716FC7}"
EndProject
Project("{8BC9CEB8-8B4A-11D0-8D11-00A0C91BC942}") = "Do_while2", "Do_while2\Do_while2.vcxproj", "{A945A9BB-6E73-45CD-AB47-899670D1A0F6}"
EndProject
Project("{8BC9CEB8-8B4A-11D0-8D11-00A0C91BC942}") = "Help2", "Help2\Help2.vcxproj", "{4C9B9EB4-1E93-45E8-A4EF-7107530A1879}"
EndProject
Project("{8BC9CEB8-8B4A-11D0-8D11-00A0C91BC942}") = "Break", "Break\Break.vcxproj", "{258E3115-7736-4811-9687-0FEE2D803147}"
EndProject
Project("{8BC9CEB8-8B4A-11D0-8D11-00A0C91BC942}") = "Break2", "Break2\Break2.vcxproj", "{6795F3AF-7053-4F7E-A24D-88DAC490D223}"
EndProject
Project("{8BC9CEB8-8B4A-11D0-8D11-00A0C91BC942}") = "Continue", "Continue\Continue.vcxproj", "{6C271D52-D959-4C7D-90EB-6307ACC0B1FE}"
EndProject
Project("{8BC9CEB8-8B4A-11D0-8D11-00A0C91BC942}") = "Continue2", "Continue2\Continue2.vcxproj", "{4C1AD05F-F296-4798-8CC3-928FC8042333}"
EndProject
Project("{8BC9CEB8-8B4A-11D0-8D11-00A0C91BC942}") = "Nested loops", "Nested loops\Nested loops.vcxproj", "{2AF2283B-A3A6-445F-B93C-2B99455D10BC}"
EndProject
Project("{8BC9CEB8-8B4A-11D0-8D11-00A0C91BC942}") = "Help3", "Help3\Help3.vcxproj", "{E15AD3F2-B6EE-405E-9F5A-60FE56DB0956}"
EndProject
Project("{8BC9CEB8-8B4A-11D0-8D11-00A0C91BC942}") = "Nested_loops", "Project2\Project2.vcxproj", "{C70CD2BB-8AEF-41DA-BCB4-BAAE448D1D03}"
EndProject
Project("{8BC9CEB8-8B4A-11D0-8D11-00A0C91BC942}") = "Self-test page 119", "Self-test page 119\Self-test page 119.vcxproj", "{046BB2D5-27C6-4064-B34A-5EFCE6CB686F}"
EndProject
Project("{8BC9CEB8-8B4A-11D0-8D11-00A0C91BC942}") = "Self-test page120", "Self-test page120\Self-test page120.vcxproj", "{CD8D6F8A-9202-4E5C-A205-E6B703C20003}"
EndProject
Project("{8BC9CEB8-8B4A-11D0-8D11-00A0C91BC942}") = "Self Test page 120-2", "Self Test page 120-2\Self Test page 120-2.vcxproj", "{3B2E76B7-1347-4FBC-A48B-CCDCCF97F8CD}"
EndProject
Project("{8BC9CEB8-8B4A-11D0-8D11-00A0C91BC942}") = "Array", "Array\Array.vcxproj", "{4CC79035-0986-473A-B737-7420D5E515D9}"
EndProject
Project("{8BC9CEB8-8B4A-11D0-8D11-00A0C91BC942}") = "Array2", "Array2\Array2.vcxproj", "{56427178-EF5D-49C1-93A8-986F8EEB1073}"
EndProject
Project("{8BC9CEB8-8B4A-11D0-8D11-00A0C91BC942}") = "Two-dimensional array", "Two-dimensional array\Two-dimensional array.vcxproj", "{70EB9FCC-EF3A-4F63-B061-21B7A0AD9F2E}"
EndProject
Project("{8BC9CEB8-8B4A-11D0-8D11-00A0C91BC942}") = "Read string new", "Read string new\Read string new.vcxproj", "{0BC98C19-0660-4BF4-8FA6-EE82D6D5AEF0}"
EndProject
Project("{8BC9CEB8-8B4A-11D0-8D11-00A0C91BC942}") = "String_functions", "String_functions\String_functions.vcxproj", "{8A2E93C8-85D0-40FF-9226-B6B8056CE072}"
EndProject
Project("{8BC9CEB8-8B4A-11D0-8D11-00A0C91BC942}") = "ToUpper()", "ToUpper()\ToUpper().vcxproj", "{15282FCF-50A7-4991-BB35-2F925EDDD804}"
EndProject
Project("{8BC9CEB8-8B4A-11D0-8D11-00A0C91BC942}") = "Array initial values", "Array initial values\Array initial values.vcxproj", "{EDD52263-E9A2-414A-9BDC-560D393B4774}"
EndProject
Project("{8BC9CEB8-8B4A-11D0-8D11-00A0C91BC942}") = "Multi-dimensional array", "Multi-dimensional array\Multi-dimensional array.vcxproj", "{A9AF0410-1EBE-4586-AF38-15DBEAF11DC1}"
EndProject
Project("{8BC9CEB8-8B4A-11D0-8D11-00A0C91BC942}") = "Multi-dimensional array2", "Multi-dimensional array2\Multi-dimensional array2.vcxproj", "{6B3CFA68-F94D-4387-A5F8-898E908FCBBC}"
EndProject
Project("{8BC9CEB8-8B4A-11D0-8D11-00A0C91BC942}") = "Multi-dimensional array3", "Multi-dimensional array3\Multi-dimensional array3.vcxproj", "{5966134F-3849-4C52-855D-B0268BD8BD72}"
EndProject
Project("{8BC9CEB8-8B4A-11D0-8D11-00A0C91BC942}") = "Multi-dimensional array 4", "Multi-dimensional array 4\Multi-dimensional array 4.vcxproj", "{D3083081-7728-413C-9D0A-38AF9CA71888}"
EndProject
Project("{8BC9CEB8-8B4A-11D0-8D11-00A0C91BC942}") = "Multi-dimensional array 5", "Multi-dimensional array 5\Multi-dimensional array 5.vcxproj", "{3258E03B-59C4-45CA-9011-749F159AFEF8}"
EndProject
Project("{8BC9CEB8-8B4A-11D0-8D11-00A0C91BC942}") = "Array as telephone directory", "Array as telephone directory\Array as telephone directory.vcxproj", "{4975B56B-81A5-442F-B7A2-D6D382377D33}"
EndProject
Project("{8BC9CEB8-8B4A-11D0-8D11-00A0C91BC942}") = "Pointer", "Pointer\Pointer.vcxproj", "{76A88B0A-715A-4B6C-A478-4584EC43A5C2}"
EndProject
Project("{8BC9CEB8-8B4A-11D0-8D11-00A0C91BC942}") = "Pointer2", "Pointer2\Pointer2.vcxproj", "{0D452505-AAB3-422E-827C-4E6CE2396234}"
EndProject
Project("{8BC9CEB8-8B4A-11D0-8D11-00A0C91BC942}") = "Pointer cast", "Pointer cast\Pointer cast.vcxproj", "{6380D45E-2DF5-4FFE-8BF3-A73212D46202}"
EndProject
Project("{8BC9CEB8-8B4A-11D0-8D11-00A0C91BC942}") = "Pointer 3", "Pointer 3\Pointer 3.vcxproj", "{D8CF03D3-EEA4-48F9-9C30-6EDE4F7EE698}"
EndProject
Project("{8BC9CEB8-8B4A-11D0-8D11-00A0C91BC942}") = "Pointer Arithmetic", "Pointer Arithmetic\Pointer Arithmetic.vcxproj", "{9F6A7E0D-77DA-438B-A9AD-254267583E8F}"
EndProject
Project("{8BC9CEB8-8B4A-11D0-8D11-00A0C91BC942}") = "Pointer Arithmetic2", "Pointer Arithmetic2\Pointer Arithmetic2.vcxproj", "{A4D7955D-0678-4EAA-9AAD-C9DEC253C895}"
EndProject
Project("{8BC9CEB8-8B4A-11D0-8D11-00A0C91BC942}") = "Accessing array elements with array indexing", "Accessing array elements with array indexing\Accessing array elements with array indexing.vcxproj", "{6119FFCC-503B-46B3-802B-453F93A7F296}"
EndProject
Project("{8BC9CEB8-8B4A-11D0-8D11-00A0C91BC942}") = "Accessing array element using pointer arithmetic", "Accessing array element using pointer arithmetic\Accessing array element using pointer arithmetic.vcxproj", "{AF395CE5-789F-499E-917E-6CB9F4DA5217}"
EndProject
Project("{8BC9CEB8-8B4A-11D0-8D11-00A0C91BC942}") = "Pointer 4", "Pointer 4\Pointer 4.vcxproj", "{2C095282-9D99-413D-87F7-4AD329789B6D}"
EndProject
Project("{8BC9CEB8-8B4A-11D0-8D11-00A0C91BC942}") = "Pointer for string constant", "Pointer for string constant\Pointer for string constant.vcxproj", "{33986B1C-DAD2-4F0A-8AD7-66C7AF2B5E27}"
EndProject
Project("{8BC9CEB8-8B4A-11D0-8D11-00A0C91BC942}") = "Reversing a string in place", "Reversing a string in place\Reversing a string in place.vcxproj", "{30B02A87-0A7B-4B44-9F4C-F2FE15FF4D5F}"
EndProject
Project("{8BC9CEB8-8B4A-11D0-8D11-00A0C91BC942}") = "Pointer in array", "Pointer in array\Pointer in array.vcxproj", "{7FFF3BD8-D7C1-4BB1-9E88-0D6CF1868C5E}"
EndProject
Project("{8BC9CEB8-8B4A-11D0-8D11-00A0C91BC942}") = "Pointer_to_a_pointer", "Pointer_to_a_pointer\Pointer_to_a_pointer.vcxproj", "{70088A2B-97C8-43A9-9B60-25F0199834F1}"
EndProject
Project("{8BC9CEB8-8B4A-11D0-8D11-00A0C91BC942}") = "Module 4 Mastery Check No.3", "Module 4 Mastery Check No.3\Module 4 Mastery Check No.3.vcxproj", "{82F531C1-440C-400F-ADF4-3A7CBE8A3B44}"
EndProject
Project("{8BC9CEB8-8B4A-11D0-8D11-00A0C91BC942}") = "Module 4 Mastery Check No.3 Second version", "Module 4 Mastery Check No.3 Second version\Module 4 Mastery Check No.3 Second version.vcxproj", "{9902331D-D353-494E-B923-2ED64088A124}"
EndProject
Project("{8BC9CEB8-8B4A-11D0-8D11-00A0C91BC942}") = "Module 4 Mastery Check No.3 StringStream version", "Module 4 Mastery Check No.3 StringStream version\Module 4 Mastery Check No.3 StringStream version.vcxproj", "{148E4A0E-BC06-4843-95D7-A5D1056DC37B}"
EndProject
Project("{8BC9CEB8-8B4A-11D0-8D11-00A0C91BC942}") = "Module 4 Mastery Check No.3 Scanf and Printf version", "Module 4 Mastery Check No.3 Scanf and Printf version\Module 4 Mastery Check No.3 Scanf and Printf version.vcxproj", "{27189841-1279-4111-A18F-962B10D4B037}"
EndProject
Project("{8BC9CEB8-8B4A-11D0-8D11-00A0C91BC942}") = "Module 4 Mastery Check No.5", "Module 4 Mastery Check No.5\Module 4 Mastery Check No.5.vcxproj", "{D4F756A1-8B96-4931-B8B6-0D7E7A80EF3E}"
EndProject
Project("{8BC9CEB8-8B4A-11D0-8D11-00A0C91BC942}") = "Module 4 Mastery Check No.5 Approach II", "Module 4 Mastery Check No.5 Approach II\Module 4 Mastery Check No.5 Approach II.vcxproj", "{B9877826-44E4-43EE-A655-896978D60BC0}"
EndProject
Project("{8BC9CEB8-8B4A-11D0-8D11-00A0C91BC942}") = "Module 4 Mastery Check No.5 Approach III", "Module 4 Mastery Check No.5 Approach III\Module 4 Mastery Check No.5 Approach III.vcxproj", "{DF4BC002-CEB8-4F91-B728-8DF2B6FC38ED}"
EndProject
Global
	GlobalSection(SolutionConfigurationPlatforms) = preSolution
		Debug|ARM = Debug|ARM
		Debug|ARM64 = Debug|ARM64
		Debug|x64 = Debug|x64
		Debug|x86 = Debug|x86
		Release|ARM = Release|ARM
		Release|ARM64 = Release|ARM64
		Release|x64 = Release|x64
		Release|x86 = Release|x86
	EndGlobalSection
	GlobalSection(ProjectConfigurationPlatforms) = postSolution
		{CD7BB930-48DA-4199-8FA1-829A42BA1B2C}.Debug|ARM.ActiveCfg = Debug|Win32
		{CD7BB930-48DA-4199-8FA1-829A42BA1B2C}.Debug|ARM64.ActiveCfg = Debug|Win32
		{CD7BB930-48DA-4199-8FA1-829A42BA1B2C}.Debug|x64.ActiveCfg = Debug|x64
		{CD7BB930-48DA-4199-8FA1-829A42BA1B2C}.Debug|x64.Build.0 = Debug|x64
		{CD7BB930-48DA-4199-8FA1-829A42BA1B2C}.Debug|x86.ActiveCfg = Debug|Win32
		{CD7BB930-48DA-4199-8FA1-829A42BA1B2C}.Debug|x86.Build.0 = Debug|Win32
		{CD7BB930-48DA-4199-8FA1-829A42BA1B2C}.Release|ARM.ActiveCfg = Release|Win32
		{CD7BB930-48DA-4199-8FA1-829A42BA1B2C}.Release|ARM64.ActiveCfg = Release|Win32
		{CD7BB930-48DA-4199-8FA1-829A42BA1B2C}.Release|x64.ActiveCfg = Release|x64
		{CD7BB930-48DA-4199-8FA1-829A42BA1B2C}.Release|x64.Build.0 = Release|x64
		{CD7BB930-48DA-4199-8FA1-829A42BA1B2C}.Release|x86.ActiveCfg = Release|Win32
		{CD7BB930-48DA-4199-8FA1-829A42BA1B2C}.Release|x86.Build.0 = Release|Win32
		{5ECE2FBE-F9A8-4D82-A149-DDFFB7403B12}.Debug|ARM.ActiveCfg = Debug|Win32
		{5ECE2FBE-F9A8-4D82-A149-DDFFB7403B12}.Debug|ARM64.ActiveCfg = Debug|Win32
		{5ECE2FBE-F9A8-4D82-A149-DDFFB7403B12}.Debug|x64.ActiveCfg = Debug|x64
		{5ECE2FBE-F9A8-4D82-A149-DDFFB7403B12}.Debug|x64.Build.0 = Debug|x64
		{5ECE2FBE-F9A8-4D82-A149-DDFFB7403B12}.Debug|x86.ActiveCfg = Debug|Win32
		{5ECE2FBE-F9A8-4D82-A149-DDFFB7403B12}.Debug|x86.Build.0 = Debug|Win32
		{5ECE2FBE-F9A8-4D82-A149-DDFFB7403B12}.Release|ARM.ActiveCfg = Release|Win32
		{5ECE2FBE-F9A8-4D82-A149-DDFFB7403B12}.Release|ARM64.ActiveCfg = Release|Win32
		{5ECE2FBE-F9A8-4D82-A149-DDFFB7403B12}.Release|x64.ActiveCfg = Release|x64
		{5ECE2FBE-F9A8-4D82-A149-DDFFB7403B12}.Release|x64.Build.0 = Release|x64
		{5ECE2FBE-F9A8-4D82-A149-DDFFB7403B12}.Release|x86.ActiveCfg = Release|Win32
		{5ECE2FBE-F9A8-4D82-A149-DDFFB7403B12}.Release|x86.Build.0 = Release|Win32
		{FB0F77A6-7C31-4DBC-AE43-21F89EBC4A35}.Debug|ARM.ActiveCfg = Debug|Win32
		{FB0F77A6-7C31-4DBC-AE43-21F89EBC4A35}.Debug|ARM64.ActiveCfg = Debug|Win32
		{FB0F77A6-7C31-4DBC-AE43-21F89EBC4A35}.Debug|x64.ActiveCfg = Debug|x64
		{FB0F77A6-7C31-4DBC-AE43-21F89EBC4A35}.Debug|x64.Build.0 = Debug|x64
		{FB0F77A6-7C31-4DBC-AE43-21F89EBC4A35}.Debug|x86.ActiveCfg = Debug|Win32
		{FB0F77A6-7C31-4DBC-AE43-21F89EBC4A35}.Debug|x86.Build.0 = Debug|Win32
		{FB0F77A6-7C31-4DBC-AE43-21F89EBC4A35}.Release|ARM.ActiveCfg = Release|Win32
		{FB0F77A6-7C31-4DBC-AE43-21F89EBC4A35}.Release|ARM64.ActiveCfg = Release|Win32
		{FB0F77A6-7C31-4DBC-AE43-21F89EBC4A35}.Release|x64.ActiveCfg = Release|x64
		{FB0F77A6-7C31-4DBC-AE43-21F89EBC4A35}.Release|x64.Build.0 = Release|x64
		{FB0F77A6-7C31-4DBC-AE43-21F89EBC4A35}.Release|x86.ActiveCfg = Release|Win32
		{FB0F77A6-7C31-4DBC-AE43-21F89EBC4A35}.Release|x86.Build.0 = Release|Win32
		{8181CE08-25D0-475B-B08F-BA3303867237}.Debug|ARM.ActiveCfg = Debug|Win32
		{8181CE08-25D0-475B-B08F-BA3303867237}.Debug|ARM64.ActiveCfg = Debug|Win32
		{8181CE08-25D0-475B-B08F-BA3303867237}.Debug|x64.ActiveCfg = Debug|x64
		{8181CE08-25D0-475B-B08F-BA3303867237}.Debug|x64.Build.0 = Debug|x64
		{8181CE08-25D0-475B-B08F-BA3303867237}.Debug|x86.ActiveCfg = Debug|Win32
		{8181CE08-25D0-475B-B08F-BA3303867237}.Debug|x86.Build.0 = Debug|Win32
		{8181CE08-25D0-475B-B08F-BA3303867237}.Release|ARM.ActiveCfg = Release|Win32
		{8181CE08-25D0-475B-B08F-BA3303867237}.Release|ARM64.ActiveCfg = Release|Win32
		{8181CE08-25D0-475B-B08F-BA3303867237}.Release|x64.ActiveCfg = Release|x64
		{8181CE08-25D0-475B-B08F-BA3303867237}.Release|x64.Build.0 = Release|x64
		{8181CE08-25D0-475B-B08F-BA3303867237}.Release|x86.ActiveCfg = Release|Win32
		{8181CE08-25D0-475B-B08F-BA3303867237}.Release|x86.Build.0 = Release|Win32
		{CA45A483-900F-4F5B-8945-974793370DF9}.Debug|ARM.ActiveCfg = Debug|Win32
		{CA45A483-900F-4F5B-8945-974793370DF9}.Debug|ARM64.ActiveCfg = Debug|Win32
		{CA45A483-900F-4F5B-8945-974793370DF9}.Debug|x64.ActiveCfg = Debug|x64
		{CA45A483-900F-4F5B-8945-974793370DF9}.Debug|x64.Build.0 = Debug|x64
		{CA45A483-900F-4F5B-8945-974793370DF9}.Debug|x86.ActiveCfg = Debug|Win32
		{CA45A483-900F-4F5B-8945-974793370DF9}.Debug|x86.Build.0 = Debug|Win32
		{CA45A483-900F-4F5B-8945-974793370DF9}.Release|ARM.ActiveCfg = Release|Win32
		{CA45A483-900F-4F5B-8945-974793370DF9}.Release|ARM64.ActiveCfg = Release|Win32
		{CA45A483-900F-4F5B-8945-974793370DF9}.Release|x64.ActiveCfg = Release|x64
		{CA45A483-900F-4F5B-8945-974793370DF9}.Release|x64.Build.0 = Release|x64
		{CA45A483-900F-4F5B-8945-974793370DF9}.Release|x86.ActiveCfg = Release|Win32
		{CA45A483-900F-4F5B-8945-974793370DF9}.Release|x86.Build.0 = Release|Win32
		{FE05DF7F-FE1A-4CCF-9B28-8BFF0CB67384}.Debug|ARM.ActiveCfg = Debug|Win32
		{FE05DF7F-FE1A-4CCF-9B28-8BFF0CB67384}.Debug|ARM64.ActiveCfg = Debug|Win32
		{FE05DF7F-FE1A-4CCF-9B28-8BFF0CB67384}.Debug|x64.ActiveCfg = Debug|x64
		{FE05DF7F-FE1A-4CCF-9B28-8BFF0CB67384}.Debug|x64.Build.0 = Debug|x64
		{FE05DF7F-FE1A-4CCF-9B28-8BFF0CB67384}.Debug|x86.ActiveCfg = Debug|Win32
		{FE05DF7F-FE1A-4CCF-9B28-8BFF0CB67384}.Debug|x86.Build.0 = Debug|Win32
		{FE05DF7F-FE1A-4CCF-9B28-8BFF0CB67384}.Release|ARM.ActiveCfg = Release|Win32
		{FE05DF7F-FE1A-4CCF-9B28-8BFF0CB67384}.Release|ARM64.ActiveCfg = Release|Win32
		{FE05DF7F-FE1A-4CCF-9B28-8BFF0CB67384}.Release|x64.ActiveCfg = Release|x64
		{FE05DF7F-FE1A-4CCF-9B28-8BFF0CB67384}.Release|x64.Build.0 = Release|x64
		{FE05DF7F-FE1A-4CCF-9B28-8BFF0CB67384}.Release|x86.ActiveCfg = Release|Win32
		{FE05DF7F-FE1A-4CCF-9B28-8BFF0CB67384}.Release|x86.Build.0 = Release|Win32
		{AF58C09C-CBE2-4844-B222-469E986720F9}.Debug|ARM.ActiveCfg = Debug|Win32
		{AF58C09C-CBE2-4844-B222-469E986720F9}.Debug|ARM64.ActiveCfg = Debug|Win32
		{AF58C09C-CBE2-4844-B222-469E986720F9}.Debug|x64.ActiveCfg = Debug|x64
		{AF58C09C-CBE2-4844-B222-469E986720F9}.Debug|x64.Build.0 = Debug|x64
		{AF58C09C-CBE2-4844-B222-469E986720F9}.Debug|x86.ActiveCfg = Debug|Win32
		{AF58C09C-CBE2-4844-B222-469E986720F9}.Debug|x86.Build.0 = Debug|Win32
		{AF58C09C-CBE2-4844-B222-469E986720F9}.Release|ARM.ActiveCfg = Release|Win32
		{AF58C09C-CBE2-4844-B222-469E986720F9}.Release|ARM64.ActiveCfg = Release|Win32
		{AF58C09C-CBE2-4844-B222-469E986720F9}.Release|x64.ActiveCfg = Release|x64
		{AF58C09C-CBE2-4844-B222-469E986720F9}.Release|x64.Build.0 = Release|x64
		{AF58C09C-CBE2-4844-B222-469E986720F9}.Release|x86.ActiveCfg = Release|Win32
		{AF58C09C-CBE2-4844-B222-469E986720F9}.Release|x86.Build.0 = Release|Win32
		{F75330F2-824A-4163-8376-40179A06FDC0}.Debug|ARM.ActiveCfg = Debug|Win32
		{F75330F2-824A-4163-8376-40179A06FDC0}.Debug|ARM64.ActiveCfg = Debug|Win32
		{F75330F2-824A-4163-8376-40179A06FDC0}.Debug|x64.ActiveCfg = Debug|x64
		{F75330F2-824A-4163-8376-40179A06FDC0}.Debug|x64.Build.0 = Debug|x64
		{F75330F2-824A-4163-8376-40179A06FDC0}.Debug|x86.ActiveCfg = Debug|Win32
		{F75330F2-824A-4163-8376-40179A06FDC0}.Debug|x86.Build.0 = Debug|Win32
		{F75330F2-824A-4163-8376-40179A06FDC0}.Release|ARM.ActiveCfg = Release|Win32
		{F75330F2-824A-4163-8376-40179A06FDC0}.Release|ARM64.ActiveCfg = Release|Win32
		{F75330F2-824A-4163-8376-40179A06FDC0}.Release|x64.ActiveCfg = Release|x64
		{F75330F2-824A-4163-8376-40179A06FDC0}.Release|x64.Build.0 = Release|x64
		{F75330F2-824A-4163-8376-40179A06FDC0}.Release|x86.ActiveCfg = Release|Win32
		{F75330F2-824A-4163-8376-40179A06FDC0}.Release|x86.Build.0 = Release|Win32
		{9BE694FC-C6EA-4037-9588-3660CC945B11}.Debug|ARM.ActiveCfg = Debug|Win32
		{9BE694FC-C6EA-4037-9588-3660CC945B11}.Debug|ARM64.ActiveCfg = Debug|Win32
		{9BE694FC-C6EA-4037-9588-3660CC945B11}.Debug|x64.ActiveCfg = Debug|x64
		{9BE694FC-C6EA-4037-9588-3660CC945B11}.Debug|x64.Build.0 = Debug|x64
		{9BE694FC-C6EA-4037-9588-3660CC945B11}.Debug|x86.ActiveCfg = Debug|Win32
		{9BE694FC-C6EA-4037-9588-3660CC945B11}.Debug|x86.Build.0 = Debug|Win32
		{9BE694FC-C6EA-4037-9588-3660CC945B11}.Release|ARM.ActiveCfg = Release|Win32
		{9BE694FC-C6EA-4037-9588-3660CC945B11}.Release|ARM64.ActiveCfg = Release|Win32
		{9BE694FC-C6EA-4037-9588-3660CC945B11}.Release|x64.ActiveCfg = Release|x64
		{9BE694FC-C6EA-4037-9588-3660CC945B11}.Release|x64.Build.0 = Release|x64
		{9BE694FC-C6EA-4037-9588-3660CC945B11}.Release|x86.ActiveCfg = Release|Win32
		{9BE694FC-C6EA-4037-9588-3660CC945B11}.Release|x86.Build.0 = Release|Win32
		{0432AC7E-A615-467C-95C2-CEC1EBC9BD4E}.Debug|ARM.ActiveCfg = Debug|Win32
		{0432AC7E-A615-467C-95C2-CEC1EBC9BD4E}.Debug|ARM64.ActiveCfg = Debug|Win32
		{0432AC7E-A615-467C-95C2-CEC1EBC9BD4E}.Debug|x64.ActiveCfg = Debug|x64
		{0432AC7E-A615-467C-95C2-CEC1EBC9BD4E}.Debug|x64.Build.0 = Debug|x64
		{0432AC7E-A615-467C-95C2-CEC1EBC9BD4E}.Debug|x86.ActiveCfg = Debug|Win32
		{0432AC7E-A615-467C-95C2-CEC1EBC9BD4E}.Debug|x86.Build.0 = Debug|Win32
		{0432AC7E-A615-467C-95C2-CEC1EBC9BD4E}.Release|ARM.ActiveCfg = Release|Win32
		{0432AC7E-A615-467C-95C2-CEC1EBC9BD4E}.Release|ARM64.ActiveCfg = Release|Win32
		{0432AC7E-A615-467C-95C2-CEC1EBC9BD4E}.Release|x64.ActiveCfg = Release|x64
		{0432AC7E-A615-467C-95C2-CEC1EBC9BD4E}.Release|x64.Build.0 = Release|x64
		{0432AC7E-A615-467C-95C2-CEC1EBC9BD4E}.Release|x86.ActiveCfg = Release|Win32
		{0432AC7E-A615-467C-95C2-CEC1EBC9BD4E}.Release|x86.Build.0 = Release|Win32
		{3F79EBD2-D167-4E82-930E-D2BAB2CFB3DE}.Debug|ARM.ActiveCfg = Debug|Win32
		{3F79EBD2-D167-4E82-930E-D2BAB2CFB3DE}.Debug|ARM64.ActiveCfg = Debug|Win32
		{3F79EBD2-D167-4E82-930E-D2BAB2CFB3DE}.Debug|x64.ActiveCfg = Debug|x64
		{3F79EBD2-D167-4E82-930E-D2BAB2CFB3DE}.Debug|x64.Build.0 = Debug|x64
		{3F79EBD2-D167-4E82-930E-D2BAB2CFB3DE}.Debug|x86.ActiveCfg = Debug|Win32
		{3F79EBD2-D167-4E82-930E-D2BAB2CFB3DE}.Debug|x86.Build.0 = Debug|Win32
		{3F79EBD2-D167-4E82-930E-D2BAB2CFB3DE}.Release|ARM.ActiveCfg = Release|Win32
		{3F79EBD2-D167-4E82-930E-D2BAB2CFB3DE}.Release|ARM64.ActiveCfg = Release|Win32
		{3F79EBD2-D167-4E82-930E-D2BAB2CFB3DE}.Release|x64.ActiveCfg = Release|x64
		{3F79EBD2-D167-4E82-930E-D2BAB2CFB3DE}.Release|x64.Build.0 = Release|x64
		{3F79EBD2-D167-4E82-930E-D2BAB2CFB3DE}.Release|x86.ActiveCfg = Release|Win32
		{3F79EBD2-D167-4E82-930E-D2BAB2CFB3DE}.Release|x86.Build.0 = Release|Win32
		{C054D039-FD45-4CEF-AEBC-A92175F237C8}.Debug|ARM.ActiveCfg = Debug|Win32
		{C054D039-FD45-4CEF-AEBC-A92175F237C8}.Debug|ARM64.ActiveCfg = Debug|Win32
		{C054D039-FD45-4CEF-AEBC-A92175F237C8}.Debug|x64.ActiveCfg = Debug|x64
		{C054D039-FD45-4CEF-AEBC-A92175F237C8}.Debug|x64.Build.0 = Debug|x64
		{C054D039-FD45-4CEF-AEBC-A92175F237C8}.Debug|x86.ActiveCfg = Debug|Win32
		{C054D039-FD45-4CEF-AEBC-A92175F237C8}.Debug|x86.Build.0 = Debug|Win32
		{C054D039-FD45-4CEF-AEBC-A92175F237C8}.Release|ARM.ActiveCfg = Release|Win32
		{C054D039-FD45-4CEF-AEBC-A92175F237C8}.Release|ARM64.ActiveCfg = Release|Win32
		{C054D039-FD45-4CEF-AEBC-A92175F237C8}.Release|x64.ActiveCfg = Release|x64
		{C054D039-FD45-4CEF-AEBC-A92175F237C8}.Release|x64.Build.0 = Release|x64
		{C054D039-FD45-4CEF-AEBC-A92175F237C8}.Release|x86.ActiveCfg = Release|Win32
		{C054D039-FD45-4CEF-AEBC-A92175F237C8}.Release|x86.Build.0 = Release|Win32
		{A6239DC3-D1CD-4FD7-9A1B-62476697A723}.Debug|ARM.ActiveCfg = Debug|ARM
		{A6239DC3-D1CD-4FD7-9A1B-62476697A723}.Debug|ARM.Build.0 = Debug|ARM
		{A6239DC3-D1CD-4FD7-9A1B-62476697A723}.Debug|ARM.Deploy.0 = Debug|ARM
		{A6239DC3-D1CD-4FD7-9A1B-62476697A723}.Debug|ARM64.ActiveCfg = Debug|ARM64
		{A6239DC3-D1CD-4FD7-9A1B-62476697A723}.Debug|ARM64.Build.0 = Debug|ARM64
		{A6239DC3-D1CD-4FD7-9A1B-62476697A723}.Debug|ARM64.Deploy.0 = Debug|ARM64
		{A6239DC3-D1CD-4FD7-9A1B-62476697A723}.Debug|x64.ActiveCfg = Debug|x64
		{A6239DC3-D1CD-4FD7-9A1B-62476697A723}.Debug|x64.Build.0 = Debug|x64
		{A6239DC3-D1CD-4FD7-9A1B-62476697A723}.Debug|x64.Deploy.0 = Debug|x64
		{A6239DC3-D1CD-4FD7-9A1B-62476697A723}.Debug|x86.ActiveCfg = Debug|x86
		{A6239DC3-D1CD-4FD7-9A1B-62476697A723}.Debug|x86.Build.0 = Debug|x86
		{A6239DC3-D1CD-4FD7-9A1B-62476697A723}.Debug|x86.Deploy.0 = Debug|x86
		{A6239DC3-D1CD-4FD7-9A1B-62476697A723}.Release|ARM.ActiveCfg = Release|ARM
		{A6239DC3-D1CD-4FD7-9A1B-62476697A723}.Release|ARM.Build.0 = Release|ARM
		{A6239DC3-D1CD-4FD7-9A1B-62476697A723}.Release|ARM.Deploy.0 = Release|ARM
		{A6239DC3-D1CD-4FD7-9A1B-62476697A723}.Release|ARM64.ActiveCfg = Release|ARM64
		{A6239DC3-D1CD-4FD7-9A1B-62476697A723}.Release|ARM64.Build.0 = Release|ARM64
		{A6239DC3-D1CD-4FD7-9A1B-62476697A723}.Release|ARM64.Deploy.0 = Release|ARM64
		{A6239DC3-D1CD-4FD7-9A1B-62476697A723}.Release|x64.ActiveCfg = Release|x64
		{A6239DC3-D1CD-4FD7-9A1B-62476697A723}.Release|x64.Build.0 = Release|x64
		{A6239DC3-D1CD-4FD7-9A1B-62476697A723}.Release|x64.Deploy.0 = Release|x64
		{A6239DC3-D1CD-4FD7-9A1B-62476697A723}.Release|x86.ActiveCfg = Release|x86
		{A6239DC3-D1CD-4FD7-9A1B-62476697A723}.Release|x86.Build.0 = Release|x86
		{A6239DC3-D1CD-4FD7-9A1B-62476697A723}.Release|x86.Deploy.0 = Release|x86
		{88CFA61A-671D-44D6-9B3D-81E8F241311B}.Debug|ARM.ActiveCfg = Debug|Win32
		{88CFA61A-671D-44D6-9B3D-81E8F241311B}.Debug|ARM64.ActiveCfg = Debug|Win32
		{88CFA61A-671D-44D6-9B3D-81E8F241311B}.Debug|x64.ActiveCfg = Debug|x64
		{88CFA61A-671D-44D6-9B3D-81E8F241311B}.Debug|x64.Build.0 = Debug|x64
		{88CFA61A-671D-44D6-9B3D-81E8F241311B}.Debug|x86.ActiveCfg = Debug|Win32
		{88CFA61A-671D-44D6-9B3D-81E8F241311B}.Debug|x86.Build.0 = Debug|Win32
		{88CFA61A-671D-44D6-9B3D-81E8F241311B}.Release|ARM.ActiveCfg = Release|Win32
		{88CFA61A-671D-44D6-9B3D-81E8F241311B}.Release|ARM64.ActiveCfg = Release|Win32
		{88CFA61A-671D-44D6-9B3D-81E8F241311B}.Release|x64.ActiveCfg = Release|x64
		{88CFA61A-671D-44D6-9B3D-81E8F241311B}.Release|x64.Build.0 = Release|x64
		{88CFA61A-671D-44D6-9B3D-81E8F241311B}.Release|x86.ActiveCfg = Release|Win32
		{88CFA61A-671D-44D6-9B3D-81E8F241311B}.Release|x86.Build.0 = Release|Win32
		{72AB599D-EDCF-4BCF-83D0-1576D2691BEC}.Debug|ARM.ActiveCfg = Debug|Win32
		{72AB599D-EDCF-4BCF-83D0-1576D2691BEC}.Debug|ARM64.ActiveCfg = Debug|Win32
		{72AB599D-EDCF-4BCF-83D0-1576D2691BEC}.Debug|x64.ActiveCfg = Debug|x64
		{72AB599D-EDCF-4BCF-83D0-1576D2691BEC}.Debug|x64.Build.0 = Debug|x64
		{72AB599D-EDCF-4BCF-83D0-1576D2691BEC}.Debug|x86.ActiveCfg = Debug|Win32
		{72AB599D-EDCF-4BCF-83D0-1576D2691BEC}.Debug|x86.Build.0 = Debug|Win32
		{72AB599D-EDCF-4BCF-83D0-1576D2691BEC}.Release|ARM.ActiveCfg = Release|Win32
		{72AB599D-EDCF-4BCF-83D0-1576D2691BEC}.Release|ARM64.ActiveCfg = Release|Win32
		{72AB599D-EDCF-4BCF-83D0-1576D2691BEC}.Release|x64.ActiveCfg = Release|x64
		{72AB599D-EDCF-4BCF-83D0-1576D2691BEC}.Release|x64.Build.0 = Release|x64
		{72AB599D-EDCF-4BCF-83D0-1576D2691BEC}.Release|x86.ActiveCfg = Release|Win32
		{72AB599D-EDCF-4BCF-83D0-1576D2691BEC}.Release|x86.Build.0 = Release|Win32
		{A3EA38F4-67ED-4273-B90E-A65FC69498D4}.Debug|ARM.ActiveCfg = Debug|Win32
		{A3EA38F4-67ED-4273-B90E-A65FC69498D4}.Debug|ARM64.ActiveCfg = Debug|Win32
		{A3EA38F4-67ED-4273-B90E-A65FC69498D4}.Debug|x64.ActiveCfg = Debug|x64
		{A3EA38F4-67ED-4273-B90E-A65FC69498D4}.Debug|x64.Build.0 = Debug|x64
		{A3EA38F4-67ED-4273-B90E-A65FC69498D4}.Debug|x86.ActiveCfg = Debug|Win32
		{A3EA38F4-67ED-4273-B90E-A65FC69498D4}.Debug|x86.Build.0 = Debug|Win32
		{A3EA38F4-67ED-4273-B90E-A65FC69498D4}.Release|ARM.ActiveCfg = Release|Win32
		{A3EA38F4-67ED-4273-B90E-A65FC69498D4}.Release|ARM64.ActiveCfg = Release|Win32
		{A3EA38F4-67ED-4273-B90E-A65FC69498D4}.Release|x64.ActiveCfg = Release|x64
		{A3EA38F4-67ED-4273-B90E-A65FC69498D4}.Release|x64.Build.0 = Release|x64
		{A3EA38F4-67ED-4273-B90E-A65FC69498D4}.Release|x86.ActiveCfg = Release|Win32
		{A3EA38F4-67ED-4273-B90E-A65FC69498D4}.Release|x86.Build.0 = Release|Win32
		{697A2E10-E842-41D3-AF83-BD620610F601}.Debug|ARM.ActiveCfg = Debug|Win32
		{697A2E10-E842-41D3-AF83-BD620610F601}.Debug|ARM64.ActiveCfg = Debug|Win32
		{697A2E10-E842-41D3-AF83-BD620610F601}.Debug|x64.ActiveCfg = Debug|x64
		{697A2E10-E842-41D3-AF83-BD620610F601}.Debug|x64.Build.0 = Debug|x64
		{697A2E10-E842-41D3-AF83-BD620610F601}.Debug|x86.ActiveCfg = Debug|Win32
		{697A2E10-E842-41D3-AF83-BD620610F601}.Debug|x86.Build.0 = Debug|Win32
		{697A2E10-E842-41D3-AF83-BD620610F601}.Release|ARM.ActiveCfg = Release|Win32
		{697A2E10-E842-41D3-AF83-BD620610F601}.Release|ARM64.ActiveCfg = Release|Win32
		{697A2E10-E842-41D3-AF83-BD620610F601}.Release|x64.ActiveCfg = Release|x64
		{697A2E10-E842-41D3-AF83-BD620610F601}.Release|x64.Build.0 = Release|x64
		{697A2E10-E842-41D3-AF83-BD620610F601}.Release|x86.ActiveCfg = Release|Win32
		{697A2E10-E842-41D3-AF83-BD620610F601}.Release|x86.Build.0 = Release|Win32
		{D71C956A-033B-4580-988A-D8471B914D05}.Debug|ARM.ActiveCfg = Debug|Win32
		{D71C956A-033B-4580-988A-D8471B914D05}.Debug|ARM64.ActiveCfg = Debug|Win32
		{D71C956A-033B-4580-988A-D8471B914D05}.Debug|x64.ActiveCfg = Debug|x64
		{D71C956A-033B-4580-988A-D8471B914D05}.Debug|x64.Build.0 = Debug|x64
		{D71C956A-033B-4580-988A-D8471B914D05}.Debug|x86.ActiveCfg = Debug|Win32
		{D71C956A-033B-4580-988A-D8471B914D05}.Debug|x86.Build.0 = Debug|Win32
		{D71C956A-033B-4580-988A-D8471B914D05}.Release|ARM.ActiveCfg = Release|Win32
		{D71C956A-033B-4580-988A-D8471B914D05}.Release|ARM64.ActiveCfg = Release|Win32
		{D71C956A-033B-4580-988A-D8471B914D05}.Release|x64.ActiveCfg = Release|x64
		{D71C956A-033B-4580-988A-D8471B914D05}.Release|x64.Build.0 = Release|x64
		{D71C956A-033B-4580-988A-D8471B914D05}.Release|x86.ActiveCfg = Release|Win32
		{D71C956A-033B-4580-988A-D8471B914D05}.Release|x86.Build.0 = Release|Win32
		{E0C79671-33ED-4E9A-94A6-A45B2C9C8DA9}.Debug|ARM.ActiveCfg = Debug|Win32
		{E0C79671-33ED-4E9A-94A6-A45B2C9C8DA9}.Debug|ARM64.ActiveCfg = Debug|Win32
		{E0C79671-33ED-4E9A-94A6-A45B2C9C8DA9}.Debug|x64.ActiveCfg = Debug|x64
		{E0C79671-33ED-4E9A-94A6-A45B2C9C8DA9}.Debug|x64.Build.0 = Debug|x64
		{E0C79671-33ED-4E9A-94A6-A45B2C9C8DA9}.Debug|x86.ActiveCfg = Debug|Win32
		{E0C79671-33ED-4E9A-94A6-A45B2C9C8DA9}.Debug|x86.Build.0 = Debug|Win32
		{E0C79671-33ED-4E9A-94A6-A45B2C9C8DA9}.Release|ARM.ActiveCfg = Release|Win32
		{E0C79671-33ED-4E9A-94A6-A45B2C9C8DA9}.Release|ARM64.ActiveCfg = Release|Win32
		{E0C79671-33ED-4E9A-94A6-A45B2C9C8DA9}.Release|x64.ActiveCfg = Release|x64
		{E0C79671-33ED-4E9A-94A6-A45B2C9C8DA9}.Release|x64.Build.0 = Release|x64
		{E0C79671-33ED-4E9A-94A6-A45B2C9C8DA9}.Release|x86.ActiveCfg = Release|Win32
		{E0C79671-33ED-4E9A-94A6-A45B2C9C8DA9}.Release|x86.Build.0 = Release|Win32
		{57E077AA-90A8-4CBA-910E-37ADF0E86B94}.Debug|ARM.ActiveCfg = Debug|Win32
		{57E077AA-90A8-4CBA-910E-37ADF0E86B94}.Debug|ARM64.ActiveCfg = Debug|Win32
		{57E077AA-90A8-4CBA-910E-37ADF0E86B94}.Debug|x64.ActiveCfg = Debug|x64
		{57E077AA-90A8-4CBA-910E-37ADF0E86B94}.Debug|x64.Build.0 = Debug|x64
		{57E077AA-90A8-4CBA-910E-37ADF0E86B94}.Debug|x86.ActiveCfg = Debug|Win32
		{57E077AA-90A8-4CBA-910E-37ADF0E86B94}.Debug|x86.Build.0 = Debug|Win32
		{57E077AA-90A8-4CBA-910E-37ADF0E86B94}.Release|ARM.ActiveCfg = Release|Win32
		{57E077AA-90A8-4CBA-910E-37ADF0E86B94}.Release|ARM64.ActiveCfg = Release|Win32
		{57E077AA-90A8-4CBA-910E-37ADF0E86B94}.Release|x64.ActiveCfg = Release|x64
		{57E077AA-90A8-4CBA-910E-37ADF0E86B94}.Release|x64.Build.0 = Release|x64
		{57E077AA-90A8-4CBA-910E-37ADF0E86B94}.Release|x86.ActiveCfg = Release|Win32
		{57E077AA-90A8-4CBA-910E-37ADF0E86B94}.Release|x86.Build.0 = Release|Win32
		{2CFDF0BA-16A8-47EF-B64F-018D03EC4A7D}.Debug|ARM.ActiveCfg = Debug|Win32
		{2CFDF0BA-16A8-47EF-B64F-018D03EC4A7D}.Debug|ARM64.ActiveCfg = Debug|Win32
		{2CFDF0BA-16A8-47EF-B64F-018D03EC4A7D}.Debug|x64.ActiveCfg = Debug|x64
		{2CFDF0BA-16A8-47EF-B64F-018D03EC4A7D}.Debug|x64.Build.0 = Debug|x64
		{2CFDF0BA-16A8-47EF-B64F-018D03EC4A7D}.Debug|x86.ActiveCfg = Debug|Win32
		{2CFDF0BA-16A8-47EF-B64F-018D03EC4A7D}.Debug|x86.Build.0 = Debug|Win32
		{2CFDF0BA-16A8-47EF-B64F-018D03EC4A7D}.Release|ARM.ActiveCfg = Release|Win32
		{2CFDF0BA-16A8-47EF-B64F-018D03EC4A7D}.Release|ARM64.ActiveCfg = Release|Win32
		{2CFDF0BA-16A8-47EF-B64F-018D03EC4A7D}.Release|x64.ActiveCfg = Release|x64
		{2CFDF0BA-16A8-47EF-B64F-018D03EC4A7D}.Release|x64.Build.0 = Release|x64
		{2CFDF0BA-16A8-47EF-B64F-018D03EC4A7D}.Release|x86.ActiveCfg = Release|Win32
		{2CFDF0BA-16A8-47EF-B64F-018D03EC4A7D}.Release|x86.Build.0 = Release|Win32
		{575FD39F-4654-4AC3-A25C-20BF0F35A73D}.Debug|ARM.ActiveCfg = Debug|Win32
		{575FD39F-4654-4AC3-A25C-20BF0F35A73D}.Debug|ARM64.ActiveCfg = Debug|Win32
		{575FD39F-4654-4AC3-A25C-20BF0F35A73D}.Debug|x64.ActiveCfg = Debug|x64
		{575FD39F-4654-4AC3-A25C-20BF0F35A73D}.Debug|x64.Build.0 = Debug|x64
		{575FD39F-4654-4AC3-A25C-20BF0F35A73D}.Debug|x86.ActiveCfg = Debug|Win32
		{575FD39F-4654-4AC3-A25C-20BF0F35A73D}.Debug|x86.Build.0 = Debug|Win32
		{575FD39F-4654-4AC3-A25C-20BF0F35A73D}.Release|ARM.ActiveCfg = Release|Win32
		{575FD39F-4654-4AC3-A25C-20BF0F35A73D}.Release|ARM64.ActiveCfg = Release|Win32
		{575FD39F-4654-4AC3-A25C-20BF0F35A73D}.Release|x64.ActiveCfg = Release|x64
		{575FD39F-4654-4AC3-A25C-20BF0F35A73D}.Release|x64.Build.0 = Release|x64
		{575FD39F-4654-4AC3-A25C-20BF0F35A73D}.Release|x86.ActiveCfg = Release|Win32
		{575FD39F-4654-4AC3-A25C-20BF0F35A73D}.Release|x86.Build.0 = Release|Win32
		{B6C05BFE-96E1-4BCE-A8AF-43FDE6C5652C}.Debug|ARM.ActiveCfg = Debug|Win32
		{B6C05BFE-96E1-4BCE-A8AF-43FDE6C5652C}.Debug|ARM64.ActiveCfg = Debug|Win32
		{B6C05BFE-96E1-4BCE-A8AF-43FDE6C5652C}.Debug|x64.ActiveCfg = Debug|x64
		{B6C05BFE-96E1-4BCE-A8AF-43FDE6C5652C}.Debug|x64.Build.0 = Debug|x64
		{B6C05BFE-96E1-4BCE-A8AF-43FDE6C5652C}.Debug|x86.ActiveCfg = Debug|Win32
		{B6C05BFE-96E1-4BCE-A8AF-43FDE6C5652C}.Debug|x86.Build.0 = Debug|Win32
		{B6C05BFE-96E1-4BCE-A8AF-43FDE6C5652C}.Release|ARM.ActiveCfg = Release|Win32
		{B6C05BFE-96E1-4BCE-A8AF-43FDE6C5652C}.Release|ARM64.ActiveCfg = Release|Win32
		{B6C05BFE-96E1-4BCE-A8AF-43FDE6C5652C}.Release|x64.ActiveCfg = Release|x64
		{B6C05BFE-96E1-4BCE-A8AF-43FDE6C5652C}.Release|x64.Build.0 = Release|x64
		{B6C05BFE-96E1-4BCE-A8AF-43FDE6C5652C}.Release|x86.ActiveCfg = Release|Win32
		{B6C05BFE-96E1-4BCE-A8AF-43FDE6C5652C}.Release|x86.Build.0 = Release|Win32
		{A22E084E-218D-41BD-BF69-BACD8EDE5874}.Debug|ARM.ActiveCfg = Debug|Win32
		{A22E084E-218D-41BD-BF69-BACD8EDE5874}.Debug|ARM64.ActiveCfg = Debug|Win32
		{A22E084E-218D-41BD-BF69-BACD8EDE5874}.Debug|x64.ActiveCfg = Debug|x64
		{A22E084E-218D-41BD-BF69-BACD8EDE5874}.Debug|x64.Build.0 = Debug|x64
		{A22E084E-218D-41BD-BF69-BACD8EDE5874}.Debug|x86.ActiveCfg = Debug|Win32
		{A22E084E-218D-41BD-BF69-BACD8EDE5874}.Debug|x86.Build.0 = Debug|Win32
		{A22E084E-218D-41BD-BF69-BACD8EDE5874}.Release|ARM.ActiveCfg = Release|Win32
		{A22E084E-218D-41BD-BF69-BACD8EDE5874}.Release|ARM64.ActiveCfg = Release|Win32
		{A22E084E-218D-41BD-BF69-BACD8EDE5874}.Release|x64.ActiveCfg = Release|x64
		{A22E084E-218D-41BD-BF69-BACD8EDE5874}.Release|x64.Build.0 = Release|x64
		{A22E084E-218D-41BD-BF69-BACD8EDE5874}.Release|x86.ActiveCfg = Release|Win32
		{A22E084E-218D-41BD-BF69-BACD8EDE5874}.Release|x86.Build.0 = Release|Win32
		{B1F97E71-9157-47D2-84FD-4E52D0B27757}.Debug|ARM.ActiveCfg = Debug|Win32
		{B1F97E71-9157-47D2-84FD-4E52D0B27757}.Debug|ARM64.ActiveCfg = Debug|Win32
		{B1F97E71-9157-47D2-84FD-4E52D0B27757}.Debug|x64.ActiveCfg = Debug|x64
		{B1F97E71-9157-47D2-84FD-4E52D0B27757}.Debug|x64.Build.0 = Debug|x64
		{B1F97E71-9157-47D2-84FD-4E52D0B27757}.Debug|x86.ActiveCfg = Debug|Win32
		{B1F97E71-9157-47D2-84FD-4E52D0B27757}.Debug|x86.Build.0 = Debug|Win32
		{B1F97E71-9157-47D2-84FD-4E52D0B27757}.Release|ARM.ActiveCfg = Release|Win32
		{B1F97E71-9157-47D2-84FD-4E52D0B27757}.Release|ARM64.ActiveCfg = Release|Win32
		{B1F97E71-9157-47D2-84FD-4E52D0B27757}.Release|x64.ActiveCfg = Release|x64
		{B1F97E71-9157-47D2-84FD-4E52D0B27757}.Release|x64.Build.0 = Release|x64
		{B1F97E71-9157-47D2-84FD-4E52D0B27757}.Release|x86.ActiveCfg = Release|Win32
		{B1F97E71-9157-47D2-84FD-4E52D0B27757}.Release|x86.Build.0 = Release|Win32
		{78DA71F9-78E7-4888-A5B4-95F77503BC35}.Debug|ARM.ActiveCfg = Debug|Win32
		{78DA71F9-78E7-4888-A5B4-95F77503BC35}.Debug|ARM64.ActiveCfg = Debug|Win32
		{78DA71F9-78E7-4888-A5B4-95F77503BC35}.Debug|x64.ActiveCfg = Debug|x64
		{78DA71F9-78E7-4888-A5B4-95F77503BC35}.Debug|x64.Build.0 = Debug|x64
		{78DA71F9-78E7-4888-A5B4-95F77503BC35}.Debug|x86.ActiveCfg = Debug|Win32
		{78DA71F9-78E7-4888-A5B4-95F77503BC35}.Debug|x86.Build.0 = Debug|Win32
		{78DA71F9-78E7-4888-A5B4-95F77503BC35}.Release|ARM.ActiveCfg = Release|Win32
		{78DA71F9-78E7-4888-A5B4-95F77503BC35}.Release|ARM64.ActiveCfg = Release|Win32
		{78DA71F9-78E7-4888-A5B4-95F77503BC35}.Release|x64.ActiveCfg = Release|x64
		{78DA71F9-78E7-4888-A5B4-95F77503BC35}.Release|x64.Build.0 = Release|x64
		{78DA71F9-78E7-4888-A5B4-95F77503BC35}.Release|x86.ActiveCfg = Release|Win32
		{78DA71F9-78E7-4888-A5B4-95F77503BC35}.Release|x86.Build.0 = Release|Win32
		{E462CEA3-2CC7-42BB-95C5-4393B1EC4EC6}.Debug|ARM.ActiveCfg = Debug|Win32
		{E462CEA3-2CC7-42BB-95C5-4393B1EC4EC6}.Debug|ARM64.ActiveCfg = Debug|Win32
		{E462CEA3-2CC7-42BB-95C5-4393B1EC4EC6}.Debug|x64.ActiveCfg = Debug|x64
		{E462CEA3-2CC7-42BB-95C5-4393B1EC4EC6}.Debug|x64.Build.0 = Debug|x64
		{E462CEA3-2CC7-42BB-95C5-4393B1EC4EC6}.Debug|x86.ActiveCfg = Debug|Win32
		{E462CEA3-2CC7-42BB-95C5-4393B1EC4EC6}.Debug|x86.Build.0 = Debug|Win32
		{E462CEA3-2CC7-42BB-95C5-4393B1EC4EC6}.Release|ARM.ActiveCfg = Release|Win32
		{E462CEA3-2CC7-42BB-95C5-4393B1EC4EC6}.Release|ARM64.ActiveCfg = Release|Win32
		{E462CEA3-2CC7-42BB-95C5-4393B1EC4EC6}.Release|x64.ActiveCfg = Release|x64
		{E462CEA3-2CC7-42BB-95C5-4393B1EC4EC6}.Release|x64.Build.0 = Release|x64
		{E462CEA3-2CC7-42BB-95C5-4393B1EC4EC6}.Release|x86.ActiveCfg = Release|Win32
		{E462CEA3-2CC7-42BB-95C5-4393B1EC4EC6}.Release|x86.Build.0 = Release|Win32
		{3D17FD61-7AF1-494B-B6AF-81D9C34BCFAE}.Debug|ARM.ActiveCfg = Debug|Win32
		{3D17FD61-7AF1-494B-B6AF-81D9C34BCFAE}.Debug|ARM64.ActiveCfg = Debug|Win32
		{3D17FD61-7AF1-494B-B6AF-81D9C34BCFAE}.Debug|x64.ActiveCfg = Debug|x64
		{3D17FD61-7AF1-494B-B6AF-81D9C34BCFAE}.Debug|x64.Build.0 = Debug|x64
		{3D17FD61-7AF1-494B-B6AF-81D9C34BCFAE}.Debug|x86.ActiveCfg = Debug|Win32
		{3D17FD61-7AF1-494B-B6AF-81D9C34BCFAE}.Debug|x86.Build.0 = Debug|Win32
		{3D17FD61-7AF1-494B-B6AF-81D9C34BCFAE}.Release|ARM.ActiveCfg = Release|Win32
		{3D17FD61-7AF1-494B-B6AF-81D9C34BCFAE}.Release|ARM64.ActiveCfg = Release|Win32
		{3D17FD61-7AF1-494B-B6AF-81D9C34BCFAE}.Release|x64.ActiveCfg = Release|x64
		{3D17FD61-7AF1-494B-B6AF-81D9C34BCFAE}.Release|x64.Build.0 = Release|x64
		{3D17FD61-7AF1-494B-B6AF-81D9C34BCFAE}.Release|x86.ActiveCfg = Release|Win32
		{3D17FD61-7AF1-494B-B6AF-81D9C34BCFAE}.Release|x86.Build.0 = Release|Win32
		{67530D8E-6F83-4093-91E6-EC22D12047D1}.Debug|ARM.ActiveCfg = Debug|Win32
		{67530D8E-6F83-4093-91E6-EC22D12047D1}.Debug|ARM64.ActiveCfg = Debug|Win32
		{67530D8E-6F83-4093-91E6-EC22D12047D1}.Debug|x64.ActiveCfg = Debug|x64
		{67530D8E-6F83-4093-91E6-EC22D12047D1}.Debug|x64.Build.0 = Debug|x64
		{67530D8E-6F83-4093-91E6-EC22D12047D1}.Debug|x86.ActiveCfg = Debug|Win32
		{67530D8E-6F83-4093-91E6-EC22D12047D1}.Debug|x86.Build.0 = Debug|Win32
		{67530D8E-6F83-4093-91E6-EC22D12047D1}.Release|ARM.ActiveCfg = Release|Win32
		{67530D8E-6F83-4093-91E6-EC22D12047D1}.Release|ARM64.ActiveCfg = Release|Win32
		{67530D8E-6F83-4093-91E6-EC22D12047D1}.Release|x64.ActiveCfg = Release|x64
		{67530D8E-6F83-4093-91E6-EC22D12047D1}.Release|x64.Build.0 = Release|x64
		{67530D8E-6F83-4093-91E6-EC22D12047D1}.Release|x86.ActiveCfg = Release|Win32
		{67530D8E-6F83-4093-91E6-EC22D12047D1}.Release|x86.Build.0 = Release|Win32
		{6FEAB3BE-8720-4B9A-923E-560581CD4B6E}.Debug|ARM.ActiveCfg = Debug|Win32
		{6FEAB3BE-8720-4B9A-923E-560581CD4B6E}.Debug|ARM64.ActiveCfg = Debug|Win32
		{6FEAB3BE-8720-4B9A-923E-560581CD4B6E}.Debug|x64.ActiveCfg = Debug|x64
		{6FEAB3BE-8720-4B9A-923E-560581CD4B6E}.Debug|x64.Build.0 = Debug|x64
		{6FEAB3BE-8720-4B9A-923E-560581CD4B6E}.Debug|x86.ActiveCfg = Debug|Win32
		{6FEAB3BE-8720-4B9A-923E-560581CD4B6E}.Debug|x86.Build.0 = Debug|Win32
		{6FEAB3BE-8720-4B9A-923E-560581CD4B6E}.Release|ARM.ActiveCfg = Release|Win32
		{6FEAB3BE-8720-4B9A-923E-560581CD4B6E}.Release|ARM64.ActiveCfg = Release|Win32
		{6FEAB3BE-8720-4B9A-923E-560581CD4B6E}.Release|x64.ActiveCfg = Release|x64
		{6FEAB3BE-8720-4B9A-923E-560581CD4B6E}.Release|x64.Build.0 = Release|x64
		{6FEAB3BE-8720-4B9A-923E-560581CD4B6E}.Release|x86.ActiveCfg = Release|Win32
		{6FEAB3BE-8720-4B9A-923E-560581CD4B6E}.Release|x86.Build.0 = Release|Win32
		{33AA669F-94D4-45E5-8C37-30AE2ACD5B42}.Debug|ARM.ActiveCfg = Debug|Win32
		{33AA669F-94D4-45E5-8C37-30AE2ACD5B42}.Debug|ARM64.ActiveCfg = Debug|Win32
		{33AA669F-94D4-45E5-8C37-30AE2ACD5B42}.Debug|x64.ActiveCfg = Debug|x64
		{33AA669F-94D4-45E5-8C37-30AE2ACD5B42}.Debug|x64.Build.0 = Debug|x64
		{33AA669F-94D4-45E5-8C37-30AE2ACD5B42}.Debug|x86.ActiveCfg = Debug|Win32
		{33AA669F-94D4-45E5-8C37-30AE2ACD5B42}.Debug|x86.Build.0 = Debug|Win32
		{33AA669F-94D4-45E5-8C37-30AE2ACD5B42}.Release|ARM.ActiveCfg = Release|Win32
		{33AA669F-94D4-45E5-8C37-30AE2ACD5B42}.Release|ARM64.ActiveCfg = Release|Win32
		{33AA669F-94D4-45E5-8C37-30AE2ACD5B42}.Release|x64.ActiveCfg = Release|x64
		{33AA669F-94D4-45E5-8C37-30AE2ACD5B42}.Release|x64.Build.0 = Release|x64
		{33AA669F-94D4-45E5-8C37-30AE2ACD5B42}.Release|x86.ActiveCfg = Release|Win32
		{33AA669F-94D4-45E5-8C37-30AE2ACD5B42}.Release|x86.Build.0 = Release|Win32
		{9F4A62C9-85D7-4FA1-987D-74887BE20B1A}.Debug|ARM.ActiveCfg = Debug|Win32
		{9F4A62C9-85D7-4FA1-987D-74887BE20B1A}.Debug|ARM64.ActiveCfg = Debug|Win32
		{9F4A62C9-85D7-4FA1-987D-74887BE20B1A}.Debug|x64.ActiveCfg = Debug|x64
		{9F4A62C9-85D7-4FA1-987D-74887BE20B1A}.Debug|x64.Build.0 = Debug|x64
		{9F4A62C9-85D7-4FA1-987D-74887BE20B1A}.Debug|x86.ActiveCfg = Debug|Win32
		{9F4A62C9-85D7-4FA1-987D-74887BE20B1A}.Debug|x86.Build.0 = Debug|Win32
		{9F4A62C9-85D7-4FA1-987D-74887BE20B1A}.Release|ARM.ActiveCfg = Release|Win32
		{9F4A62C9-85D7-4FA1-987D-74887BE20B1A}.Release|ARM64.ActiveCfg = Release|Win32
		{9F4A62C9-85D7-4FA1-987D-74887BE20B1A}.Release|x64.ActiveCfg = Release|x64
		{9F4A62C9-85D7-4FA1-987D-74887BE20B1A}.Release|x64.Build.0 = Release|x64
		{9F4A62C9-85D7-4FA1-987D-74887BE20B1A}.Release|x86.ActiveCfg = Release|Win32
		{9F4A62C9-85D7-4FA1-987D-74887BE20B1A}.Release|x86.Build.0 = Release|Win32
		{107CC8E1-1E7A-434F-98D4-50F9F3AED2B7}.Debug|ARM.ActiveCfg = Debug|Win32
		{107CC8E1-1E7A-434F-98D4-50F9F3AED2B7}.Debug|ARM64.ActiveCfg = Debug|Win32
		{107CC8E1-1E7A-434F-98D4-50F9F3AED2B7}.Debug|x64.ActiveCfg = Debug|x64
		{107CC8E1-1E7A-434F-98D4-50F9F3AED2B7}.Debug|x64.Build.0 = Debug|x64
		{107CC8E1-1E7A-434F-98D4-50F9F3AED2B7}.Debug|x86.ActiveCfg = Debug|Win32
		{107CC8E1-1E7A-434F-98D4-50F9F3AED2B7}.Debug|x86.Build.0 = Debug|Win32
		{107CC8E1-1E7A-434F-98D4-50F9F3AED2B7}.Release|ARM.ActiveCfg = Release|Win32
		{107CC8E1-1E7A-434F-98D4-50F9F3AED2B7}.Release|ARM64.ActiveCfg = Release|Win32
		{107CC8E1-1E7A-434F-98D4-50F9F3AED2B7}.Release|x64.ActiveCfg = Release|x64
		{107CC8E1-1E7A-434F-98D4-50F9F3AED2B7}.Release|x64.Build.0 = Release|x64
		{107CC8E1-1E7A-434F-98D4-50F9F3AED2B7}.Release|x86.ActiveCfg = Release|Win32
		{107CC8E1-1E7A-434F-98D4-50F9F3AED2B7}.Release|x86.Build.0 = Release|Win32
		{5D886CEB-CD02-4662-934E-521F5E607CD0}.Debug|ARM.ActiveCfg = Debug|Win32
		{5D886CEB-CD02-4662-934E-521F5E607CD0}.Debug|ARM64.ActiveCfg = Debug|Win32
		{5D886CEB-CD02-4662-934E-521F5E607CD0}.Debug|x64.ActiveCfg = Debug|x64
		{5D886CEB-CD02-4662-934E-521F5E607CD0}.Debug|x64.Build.0 = Debug|x64
		{5D886CEB-CD02-4662-934E-521F5E607CD0}.Debug|x86.ActiveCfg = Debug|Win32
		{5D886CEB-CD02-4662-934E-521F5E607CD0}.Debug|x86.Build.0 = Debug|Win32
		{5D886CEB-CD02-4662-934E-521F5E607CD0}.Release|ARM.ActiveCfg = Release|Win32
		{5D886CEB-CD02-4662-934E-521F5E607CD0}.Release|ARM64.ActiveCfg = Release|Win32
		{5D886CEB-CD02-4662-934E-521F5E607CD0}.Release|x64.ActiveCfg = Release|x64
		{5D886CEB-CD02-4662-934E-521F5E607CD0}.Release|x64.Build.0 = Release|x64
		{5D886CEB-CD02-4662-934E-521F5E607CD0}.Release|x86.ActiveCfg = Release|Win32
		{5D886CEB-CD02-4662-934E-521F5E607CD0}.Release|x86.Build.0 = Release|Win32
		{8B4E1F1A-34B6-40DB-9F1D-0D6196FA60C9}.Debug|ARM.ActiveCfg = Debug|Win32
		{8B4E1F1A-34B6-40DB-9F1D-0D6196FA60C9}.Debug|ARM64.ActiveCfg = Debug|Win32
		{8B4E1F1A-34B6-40DB-9F1D-0D6196FA60C9}.Debug|x64.ActiveCfg = Debug|x64
		{8B4E1F1A-34B6-40DB-9F1D-0D6196FA60C9}.Debug|x64.Build.0 = Debug|x64
		{8B4E1F1A-34B6-40DB-9F1D-0D6196FA60C9}.Debug|x86.ActiveCfg = Debug|Win32
		{8B4E1F1A-34B6-40DB-9F1D-0D6196FA60C9}.Debug|x86.Build.0 = Debug|Win32
		{8B4E1F1A-34B6-40DB-9F1D-0D6196FA60C9}.Release|ARM.ActiveCfg = Release|Win32
		{8B4E1F1A-34B6-40DB-9F1D-0D6196FA60C9}.Release|ARM64.ActiveCfg = Release|Win32
		{8B4E1F1A-34B6-40DB-9F1D-0D6196FA60C9}.Release|x64.ActiveCfg = Release|x64
		{8B4E1F1A-34B6-40DB-9F1D-0D6196FA60C9}.Release|x64.Build.0 = Release|x64
		{8B4E1F1A-34B6-40DB-9F1D-0D6196FA60C9}.Release|x86.ActiveCfg = Release|Win32
		{8B4E1F1A-34B6-40DB-9F1D-0D6196FA60C9}.Release|x86.Build.0 = Release|Win32
		{A650CB74-EDB7-4F85-8A69-B9F8F92CAC68}.Debug|ARM.ActiveCfg = Debug|Win32
		{A650CB74-EDB7-4F85-8A69-B9F8F92CAC68}.Debug|ARM64.ActiveCfg = Debug|Win32
		{A650CB74-EDB7-4F85-8A69-B9F8F92CAC68}.Debug|x64.ActiveCfg = Debug|x64
		{A650CB74-EDB7-4F85-8A69-B9F8F92CAC68}.Debug|x64.Build.0 = Debug|x64
		{A650CB74-EDB7-4F85-8A69-B9F8F92CAC68}.Debug|x86.ActiveCfg = Debug|Win32
		{A650CB74-EDB7-4F85-8A69-B9F8F92CAC68}.Debug|x86.Build.0 = Debug|Win32
		{A650CB74-EDB7-4F85-8A69-B9F8F92CAC68}.Release|ARM.ActiveCfg = Release|Win32
		{A650CB74-EDB7-4F85-8A69-B9F8F92CAC68}.Release|ARM64.ActiveCfg = Release|Win32
		{A650CB74-EDB7-4F85-8A69-B9F8F92CAC68}.Release|x64.ActiveCfg = Release|x64
		{A650CB74-EDB7-4F85-8A69-B9F8F92CAC68}.Release|x64.Build.0 = Release|x64
		{A650CB74-EDB7-4F85-8A69-B9F8F92CAC68}.Release|x86.ActiveCfg = Release|Win32
		{A650CB74-EDB7-4F85-8A69-B9F8F92CAC68}.Release|x86.Build.0 = Release|Win32
		{FD683532-5CC2-49D1-A8B4-0B7B5484FF54}.Debug|ARM.ActiveCfg = Debug|Win32
		{FD683532-5CC2-49D1-A8B4-0B7B5484FF54}.Debug|ARM64.ActiveCfg = Debug|Win32
		{FD683532-5CC2-49D1-A8B4-0B7B5484FF54}.Debug|x64.ActiveCfg = Debug|x64
		{FD683532-5CC2-49D1-A8B4-0B7B5484FF54}.Debug|x64.Build.0 = Debug|x64
		{FD683532-5CC2-49D1-A8B4-0B7B5484FF54}.Debug|x86.ActiveCfg = Debug|Win32
		{FD683532-5CC2-49D1-A8B4-0B7B5484FF54}.Debug|x86.Build.0 = Debug|Win32
		{FD683532-5CC2-49D1-A8B4-0B7B5484FF54}.Release|ARM.ActiveCfg = Release|Win32
		{FD683532-5CC2-49D1-A8B4-0B7B5484FF54}.Release|ARM64.ActiveCfg = Release|Win32
		{FD683532-5CC2-49D1-A8B4-0B7B5484FF54}.Release|x64.ActiveCfg = Release|x64
		{FD683532-5CC2-49D1-A8B4-0B7B5484FF54}.Release|x64.Build.0 = Release|x64
		{FD683532-5CC2-49D1-A8B4-0B7B5484FF54}.Release|x86.ActiveCfg = Release|Win32
		{FD683532-5CC2-49D1-A8B4-0B7B5484FF54}.Release|x86.Build.0 = Release|Win32
		{3B8F1C1A-315F-4D55-B934-15906F6E8147}.Debug|ARM.ActiveCfg = Debug|Win32
		{3B8F1C1A-315F-4D55-B934-15906F6E8147}.Debug|ARM64.ActiveCfg = Debug|Win32
		{3B8F1C1A-315F-4D55-B934-15906F6E8147}.Debug|x64.ActiveCfg = Debug|x64
		{3B8F1C1A-315F-4D55-B934-15906F6E8147}.Debug|x64.Build.0 = Debug|x64
		{3B8F1C1A-315F-4D55-B934-15906F6E8147}.Debug|x86.ActiveCfg = Debug|Win32
		{3B8F1C1A-315F-4D55-B934-15906F6E8147}.Debug|x86.Build.0 = Debug|Win32
		{3B8F1C1A-315F-4D55-B934-15906F6E8147}.Release|ARM.ActiveCfg = Release|Win32
		{3B8F1C1A-315F-4D55-B934-15906F6E8147}.Release|ARM64.ActiveCfg = Release|Win32
		{3B8F1C1A-315F-4D55-B934-15906F6E8147}.Release|x64.ActiveCfg = Release|x64
		{3B8F1C1A-315F-4D55-B934-15906F6E8147}.Release|x64.Build.0 = Release|x64
		{3B8F1C1A-315F-4D55-B934-15906F6E8147}.Release|x86.ActiveCfg = Release|Win32
		{3B8F1C1A-315F-4D55-B934-15906F6E8147}.Release|x86.Build.0 = Release|Win32
		{401F0335-8BAD-4F89-8AE2-FEA847EFD19F}.Debug|ARM.ActiveCfg = Debug|Win32
		{401F0335-8BAD-4F89-8AE2-FEA847EFD19F}.Debug|ARM64.ActiveCfg = Debug|Win32
		{401F0335-8BAD-4F89-8AE2-FEA847EFD19F}.Debug|x64.ActiveCfg = Debug|x64
		{401F0335-8BAD-4F89-8AE2-FEA847EFD19F}.Debug|x64.Build.0 = Debug|x64
		{401F0335-8BAD-4F89-8AE2-FEA847EFD19F}.Debug|x86.ActiveCfg = Debug|Win32
		{401F0335-8BAD-4F89-8AE2-FEA847EFD19F}.Debug|x86.Build.0 = Debug|Win32
		{401F0335-8BAD-4F89-8AE2-FEA847EFD19F}.Release|ARM.ActiveCfg = Release|Win32
		{401F0335-8BAD-4F89-8AE2-FEA847EFD19F}.Release|ARM64.ActiveCfg = Release|Win32
		{401F0335-8BAD-4F89-8AE2-FEA847EFD19F}.Release|x64.ActiveCfg = Release|x64
		{401F0335-8BAD-4F89-8AE2-FEA847EFD19F}.Release|x64.Build.0 = Release|x64
		{401F0335-8BAD-4F89-8AE2-FEA847EFD19F}.Release|x86.ActiveCfg = Release|Win32
		{401F0335-8BAD-4F89-8AE2-FEA847EFD19F}.Release|x86.Build.0 = Release|Win32
		{55F0A28C-F736-484F-9F63-65E9BB38EE65}.Debug|ARM.ActiveCfg = Debug|Win32
		{55F0A28C-F736-484F-9F63-65E9BB38EE65}.Debug|ARM64.ActiveCfg = Debug|Win32
		{55F0A28C-F736-484F-9F63-65E9BB38EE65}.Debug|x64.ActiveCfg = Debug|x64
		{55F0A28C-F736-484F-9F63-65E9BB38EE65}.Debug|x64.Build.0 = Debug|x64
		{55F0A28C-F736-484F-9F63-65E9BB38EE65}.Debug|x86.ActiveCfg = Debug|Win32
		{55F0A28C-F736-484F-9F63-65E9BB38EE65}.Debug|x86.Build.0 = Debug|Win32
		{55F0A28C-F736-484F-9F63-65E9BB38EE65}.Release|ARM.ActiveCfg = Release|Win32
		{55F0A28C-F736-484F-9F63-65E9BB38EE65}.Release|ARM64.ActiveCfg = Release|Win32
		{55F0A28C-F736-484F-9F63-65E9BB38EE65}.Release|x64.ActiveCfg = Release|x64
		{55F0A28C-F736-484F-9F63-65E9BB38EE65}.Release|x64.Build.0 = Release|x64
		{55F0A28C-F736-484F-9F63-65E9BB38EE65}.Release|x86.ActiveCfg = Release|Win32
		{55F0A28C-F736-484F-9F63-65E9BB38EE65}.Release|x86.Build.0 = Release|Win32
		{F0108FFF-E342-4375-95A3-ABFBCC842245}.Debug|ARM.ActiveCfg = Debug|Win32
		{F0108FFF-E342-4375-95A3-ABFBCC842245}.Debug|ARM64.ActiveCfg = Debug|Win32
		{F0108FFF-E342-4375-95A3-ABFBCC842245}.Debug|x64.ActiveCfg = Debug|x64
		{F0108FFF-E342-4375-95A3-ABFBCC842245}.Debug|x64.Build.0 = Debug|x64
		{F0108FFF-E342-4375-95A3-ABFBCC842245}.Debug|x86.ActiveCfg = Debug|Win32
		{F0108FFF-E342-4375-95A3-ABFBCC842245}.Debug|x86.Build.0 = Debug|Win32
		{F0108FFF-E342-4375-95A3-ABFBCC842245}.Release|ARM.ActiveCfg = Release|Win32
		{F0108FFF-E342-4375-95A3-ABFBCC842245}.Release|ARM64.ActiveCfg = Release|Win32
		{F0108FFF-E342-4375-95A3-ABFBCC842245}.Release|x64.ActiveCfg = Release|x64
		{F0108FFF-E342-4375-95A3-ABFBCC842245}.Release|x64.Build.0 = Release|x64
		{F0108FFF-E342-4375-95A3-ABFBCC842245}.Release|x86.ActiveCfg = Release|Win32
		{F0108FFF-E342-4375-95A3-ABFBCC842245}.Release|x86.Build.0 = Release|Win32
		{0FAE5FF7-6F8B-497B-A61D-D893A13A3145}.Debug|ARM.ActiveCfg = Debug|Win32
		{0FAE5FF7-6F8B-497B-A61D-D893A13A3145}.Debug|ARM64.ActiveCfg = Debug|Win32
		{0FAE5FF7-6F8B-497B-A61D-D893A13A3145}.Debug|x64.ActiveCfg = Debug|x64
		{0FAE5FF7-6F8B-497B-A61D-D893A13A3145}.Debug|x64.Build.0 = Debug|x64
		{0FAE5FF7-6F8B-497B-A61D-D893A13A3145}.Debug|x86.ActiveCfg = Debug|Win32
		{0FAE5FF7-6F8B-497B-A61D-D893A13A3145}.Debug|x86.Build.0 = Debug|Win32
		{0FAE5FF7-6F8B-497B-A61D-D893A13A3145}.Release|ARM.ActiveCfg = Release|Win32
		{0FAE5FF7-6F8B-497B-A61D-D893A13A3145}.Release|ARM64.ActiveCfg = Release|Win32
		{0FAE5FF7-6F8B-497B-A61D-D893A13A3145}.Release|x64.ActiveCfg = Release|x64
		{0FAE5FF7-6F8B-497B-A61D-D893A13A3145}.Release|x64.Build.0 = Release|x64
		{0FAE5FF7-6F8B-497B-A61D-D893A13A3145}.Release|x86.ActiveCfg = Release|Win32
		{0FAE5FF7-6F8B-497B-A61D-D893A13A3145}.Release|x86.Build.0 = Release|Win32
		{D97A702D-F45C-422C-B861-7503DE8CB1A2}.Debug|ARM.ActiveCfg = Debug|Win32
		{D97A702D-F45C-422C-B861-7503DE8CB1A2}.Debug|ARM64.ActiveCfg = Debug|Win32
		{D97A702D-F45C-422C-B861-7503DE8CB1A2}.Debug|x64.ActiveCfg = Debug|x64
		{D97A702D-F45C-422C-B861-7503DE8CB1A2}.Debug|x64.Build.0 = Debug|x64
		{D97A702D-F45C-422C-B861-7503DE8CB1A2}.Debug|x86.ActiveCfg = Debug|Win32
		{D97A702D-F45C-422C-B861-7503DE8CB1A2}.Debug|x86.Build.0 = Debug|Win32
		{D97A702D-F45C-422C-B861-7503DE8CB1A2}.Release|ARM.ActiveCfg = Release|Win32
		{D97A702D-F45C-422C-B861-7503DE8CB1A2}.Release|ARM64.ActiveCfg = Release|Win32
		{D97A702D-F45C-422C-B861-7503DE8CB1A2}.Release|x64.ActiveCfg = Release|x64
		{D97A702D-F45C-422C-B861-7503DE8CB1A2}.Release|x64.Build.0 = Release|x64
		{D97A702D-F45C-422C-B861-7503DE8CB1A2}.Release|x86.ActiveCfg = Release|Win32
		{D97A702D-F45C-422C-B861-7503DE8CB1A2}.Release|x86.Build.0 = Release|Win32
		{7F6E6500-85F0-49CA-B4D9-321CAB716FC7}.Debug|ARM.ActiveCfg = Debug|Win32
		{7F6E6500-85F0-49CA-B4D9-321CAB716FC7}.Debug|ARM64.ActiveCfg = Debug|Win32
		{7F6E6500-85F0-49CA-B4D9-321CAB716FC7}.Debug|x64.ActiveCfg = Debug|x64
		{7F6E6500-85F0-49CA-B4D9-321CAB716FC7}.Debug|x64.Build.0 = Debug|x64
		{7F6E6500-85F0-49CA-B4D9-321CAB716FC7}.Debug|x86.ActiveCfg = Debug|Win32
		{7F6E6500-85F0-49CA-B4D9-321CAB716FC7}.Debug|x86.Build.0 = Debug|Win32
		{7F6E6500-85F0-49CA-B4D9-321CAB716FC7}.Release|ARM.ActiveCfg = Release|Win32
		{7F6E6500-85F0-49CA-B4D9-321CAB716FC7}.Release|ARM64.ActiveCfg = Release|Win32
		{7F6E6500-85F0-49CA-B4D9-321CAB716FC7}.Release|x64.ActiveCfg = Release|x64
		{7F6E6500-85F0-49CA-B4D9-321CAB716FC7}.Release|x64.Build.0 = Release|x64
		{7F6E6500-85F0-49CA-B4D9-321CAB716FC7}.Release|x86.ActiveCfg = Release|Win32
		{7F6E6500-85F0-49CA-B4D9-321CAB716FC7}.Release|x86.Build.0 = Release|Win32
		{A945A9BB-6E73-45CD-AB47-899670D1A0F6}.Debug|ARM.ActiveCfg = Debug|Win32
		{A945A9BB-6E73-45CD-AB47-899670D1A0F6}.Debug|ARM64.ActiveCfg = Debug|Win32
		{A945A9BB-6E73-45CD-AB47-899670D1A0F6}.Debug|x64.ActiveCfg = Debug|x64
		{A945A9BB-6E73-45CD-AB47-899670D1A0F6}.Debug|x64.Build.0 = Debug|x64
		{A945A9BB-6E73-45CD-AB47-899670D1A0F6}.Debug|x86.ActiveCfg = Debug|Win32
		{A945A9BB-6E73-45CD-AB47-899670D1A0F6}.Debug|x86.Build.0 = Debug|Win32
		{A945A9BB-6E73-45CD-AB47-899670D1A0F6}.Release|ARM.ActiveCfg = Release|Win32
		{A945A9BB-6E73-45CD-AB47-899670D1A0F6}.Release|ARM64.ActiveCfg = Release|Win32
		{A945A9BB-6E73-45CD-AB47-899670D1A0F6}.Release|x64.ActiveCfg = Release|x64
		{A945A9BB-6E73-45CD-AB47-899670D1A0F6}.Release|x64.Build.0 = Release|x64
		{A945A9BB-6E73-45CD-AB47-899670D1A0F6}.Release|x86.ActiveCfg = Release|Win32
		{A945A9BB-6E73-45CD-AB47-899670D1A0F6}.Release|x86.Build.0 = Release|Win32
		{4C9B9EB4-1E93-45E8-A4EF-7107530A1879}.Debug|ARM.ActiveCfg = Debug|Win32
		{4C9B9EB4-1E93-45E8-A4EF-7107530A1879}.Debug|ARM64.ActiveCfg = Debug|Win32
		{4C9B9EB4-1E93-45E8-A4EF-7107530A1879}.Debug|x64.ActiveCfg = Debug|x64
		{4C9B9EB4-1E93-45E8-A4EF-7107530A1879}.Debug|x64.Build.0 = Debug|x64
		{4C9B9EB4-1E93-45E8-A4EF-7107530A1879}.Debug|x86.ActiveCfg = Debug|Win32
		{4C9B9EB4-1E93-45E8-A4EF-7107530A1879}.Debug|x86.Build.0 = Debug|Win32
		{4C9B9EB4-1E93-45E8-A4EF-7107530A1879}.Release|ARM.ActiveCfg = Release|Win32
		{4C9B9EB4-1E93-45E8-A4EF-7107530A1879}.Release|ARM64.ActiveCfg = Release|Win32
		{4C9B9EB4-1E93-45E8-A4EF-7107530A1879}.Release|x64.ActiveCfg = Release|x64
		{4C9B9EB4-1E93-45E8-A4EF-7107530A1879}.Release|x64.Build.0 = Release|x64
		{4C9B9EB4-1E93-45E8-A4EF-7107530A1879}.Release|x86.ActiveCfg = Release|Win32
		{4C9B9EB4-1E93-45E8-A4EF-7107530A1879}.Release|x86.Build.0 = Release|Win32
		{258E3115-7736-4811-9687-0FEE2D803147}.Debug|ARM.ActiveCfg = Debug|Win32
		{258E3115-7736-4811-9687-0FEE2D803147}.Debug|ARM64.ActiveCfg = Debug|Win32
		{258E3115-7736-4811-9687-0FEE2D803147}.Debug|x64.ActiveCfg = Debug|x64
		{258E3115-7736-4811-9687-0FEE2D803147}.Debug|x64.Build.0 = Debug|x64
		{258E3115-7736-4811-9687-0FEE2D803147}.Debug|x86.ActiveCfg = Debug|Win32
		{258E3115-7736-4811-9687-0FEE2D803147}.Debug|x86.Build.0 = Debug|Win32
		{258E3115-7736-4811-9687-0FEE2D803147}.Release|ARM.ActiveCfg = Release|Win32
		{258E3115-7736-4811-9687-0FEE2D803147}.Release|ARM64.ActiveCfg = Release|Win32
		{258E3115-7736-4811-9687-0FEE2D803147}.Release|x64.ActiveCfg = Release|x64
		{258E3115-7736-4811-9687-0FEE2D803147}.Release|x64.Build.0 = Release|x64
		{258E3115-7736-4811-9687-0FEE2D803147}.Release|x86.ActiveCfg = Release|Win32
		{258E3115-7736-4811-9687-0FEE2D803147}.Release|x86.Build.0 = Release|Win32
		{6795F3AF-7053-4F7E-A24D-88DAC490D223}.Debug|ARM.ActiveCfg = Debug|Win32
		{6795F3AF-7053-4F7E-A24D-88DAC490D223}.Debug|ARM64.ActiveCfg = Debug|Win32
		{6795F3AF-7053-4F7E-A24D-88DAC490D223}.Debug|x64.ActiveCfg = Debug|x64
		{6795F3AF-7053-4F7E-A24D-88DAC490D223}.Debug|x64.Build.0 = Debug|x64
		{6795F3AF-7053-4F7E-A24D-88DAC490D223}.Debug|x86.ActiveCfg = Debug|Win32
		{6795F3AF-7053-4F7E-A24D-88DAC490D223}.Debug|x86.Build.0 = Debug|Win32
		{6795F3AF-7053-4F7E-A24D-88DAC490D223}.Release|ARM.ActiveCfg = Release|Win32
		{6795F3AF-7053-4F7E-A24D-88DAC490D223}.Release|ARM64.ActiveCfg = Release|Win32
		{6795F3AF-7053-4F7E-A24D-88DAC490D223}.Release|x64.ActiveCfg = Release|x64
		{6795F3AF-7053-4F7E-A24D-88DAC490D223}.Release|x64.Build.0 = Release|x64
		{6795F3AF-7053-4F7E-A24D-88DAC490D223}.Release|x86.ActiveCfg = Release|Win32
		{6795F3AF-7053-4F7E-A24D-88DAC490D223}.Release|x86.Build.0 = Release|Win32
		{6C271D52-D959-4C7D-90EB-6307ACC0B1FE}.Debug|ARM.ActiveCfg = Debug|Win32
		{6C271D52-D959-4C7D-90EB-6307ACC0B1FE}.Debug|ARM64.ActiveCfg = Debug|Win32
		{6C271D52-D959-4C7D-90EB-6307ACC0B1FE}.Debug|x64.ActiveCfg = Debug|x64
		{6C271D52-D959-4C7D-90EB-6307ACC0B1FE}.Debug|x64.Build.0 = Debug|x64
		{6C271D52-D959-4C7D-90EB-6307ACC0B1FE}.Debug|x86.ActiveCfg = Debug|Win32
		{6C271D52-D959-4C7D-90EB-6307ACC0B1FE}.Debug|x86.Build.0 = Debug|Win32
		{6C271D52-D959-4C7D-90EB-6307ACC0B1FE}.Release|ARM.ActiveCfg = Release|Win32
		{6C271D52-D959-4C7D-90EB-6307ACC0B1FE}.Release|ARM64.ActiveCfg = Release|Win32
		{6C271D52-D959-4C7D-90EB-6307ACC0B1FE}.Release|x64.ActiveCfg = Release|x64
		{6C271D52-D959-4C7D-90EB-6307ACC0B1FE}.Release|x64.Build.0 = Release|x64
		{6C271D52-D959-4C7D-90EB-6307ACC0B1FE}.Release|x86.ActiveCfg = Release|Win32
		{6C271D52-D959-4C7D-90EB-6307ACC0B1FE}.Release|x86.Build.0 = Release|Win32
		{4C1AD05F-F296-4798-8CC3-928FC8042333}.Debug|ARM.ActiveCfg = Debug|Win32
		{4C1AD05F-F296-4798-8CC3-928FC8042333}.Debug|ARM64.ActiveCfg = Debug|Win32
		{4C1AD05F-F296-4798-8CC3-928FC8042333}.Debug|x64.ActiveCfg = Debug|x64
		{4C1AD05F-F296-4798-8CC3-928FC8042333}.Debug|x64.Build.0 = Debug|x64
		{4C1AD05F-F296-4798-8CC3-928FC8042333}.Debug|x86.ActiveCfg = Debug|Win32
		{4C1AD05F-F296-4798-8CC3-928FC8042333}.Debug|x86.Build.0 = Debug|Win32
		{4C1AD05F-F296-4798-8CC3-928FC8042333}.Release|ARM.ActiveCfg = Release|Win32
		{4C1AD05F-F296-4798-8CC3-928FC8042333}.Release|ARM64.ActiveCfg = Release|Win32
		{4C1AD05F-F296-4798-8CC3-928FC8042333}.Release|x64.ActiveCfg = Release|x64
		{4C1AD05F-F296-4798-8CC3-928FC8042333}.Release|x64.Build.0 = Release|x64
		{4C1AD05F-F296-4798-8CC3-928FC8042333}.Release|x86.ActiveCfg = Release|Win32
		{4C1AD05F-F296-4798-8CC3-928FC8042333}.Release|x86.Build.0 = Release|Win32
		{2AF2283B-A3A6-445F-B93C-2B99455D10BC}.Debug|ARM.ActiveCfg = Debug|Win32
		{2AF2283B-A3A6-445F-B93C-2B99455D10BC}.Debug|ARM64.ActiveCfg = Debug|Win32
		{2AF2283B-A3A6-445F-B93C-2B99455D10BC}.Debug|x64.ActiveCfg = Debug|x64
		{2AF2283B-A3A6-445F-B93C-2B99455D10BC}.Debug|x64.Build.0 = Debug|x64
		{2AF2283B-A3A6-445F-B93C-2B99455D10BC}.Debug|x86.ActiveCfg = Debug|Win32
		{2AF2283B-A3A6-445F-B93C-2B99455D10BC}.Debug|x86.Build.0 = Debug|Win32
		{2AF2283B-A3A6-445F-B93C-2B99455D10BC}.Release|ARM.ActiveCfg = Release|Win32
		{2AF2283B-A3A6-445F-B93C-2B99455D10BC}.Release|ARM64.ActiveCfg = Release|Win32
		{2AF2283B-A3A6-445F-B93C-2B99455D10BC}.Release|x64.ActiveCfg = Release|x64
		{2AF2283B-A3A6-445F-B93C-2B99455D10BC}.Release|x64.Build.0 = Release|x64
		{2AF2283B-A3A6-445F-B93C-2B99455D10BC}.Release|x86.ActiveCfg = Release|Win32
		{2AF2283B-A3A6-445F-B93C-2B99455D10BC}.Release|x86.Build.0 = Release|Win32
		{E15AD3F2-B6EE-405E-9F5A-60FE56DB0956}.Debug|ARM.ActiveCfg = Debug|Win32
		{E15AD3F2-B6EE-405E-9F5A-60FE56DB0956}.Debug|ARM64.ActiveCfg = Debug|Win32
		{E15AD3F2-B6EE-405E-9F5A-60FE56DB0956}.Debug|x64.ActiveCfg = Debug|x64
		{E15AD3F2-B6EE-405E-9F5A-60FE56DB0956}.Debug|x64.Build.0 = Debug|x64
		{E15AD3F2-B6EE-405E-9F5A-60FE56DB0956}.Debug|x86.ActiveCfg = Debug|Win32
		{E15AD3F2-B6EE-405E-9F5A-60FE56DB0956}.Debug|x86.Build.0 = Debug|Win32
		{E15AD3F2-B6EE-405E-9F5A-60FE56DB0956}.Release|ARM.ActiveCfg = Release|Win32
		{E15AD3F2-B6EE-405E-9F5A-60FE56DB0956}.Release|ARM64.ActiveCfg = Release|Win32
		{E15AD3F2-B6EE-405E-9F5A-60FE56DB0956}.Release|x64.ActiveCfg = Release|x64
		{E15AD3F2-B6EE-405E-9F5A-60FE56DB0956}.Release|x64.Build.0 = Release|x64
		{E15AD3F2-B6EE-405E-9F5A-60FE56DB0956}.Release|x86.ActiveCfg = Release|Win32
		{E15AD3F2-B6EE-405E-9F5A-60FE56DB0956}.Release|x86.Build.0 = Release|Win32
		{C70CD2BB-8AEF-41DA-BCB4-BAAE448D1D03}.Debug|ARM.ActiveCfg = Debug|Win32
		{C70CD2BB-8AEF-41DA-BCB4-BAAE448D1D03}.Debug|ARM64.ActiveCfg = Debug|Win32
		{C70CD2BB-8AEF-41DA-BCB4-BAAE448D1D03}.Debug|x64.ActiveCfg = Debug|x64
		{C70CD2BB-8AEF-41DA-BCB4-BAAE448D1D03}.Debug|x64.Build.0 = Debug|x64
		{C70CD2BB-8AEF-41DA-BCB4-BAAE448D1D03}.Debug|x86.ActiveCfg = Debug|Win32
		{C70CD2BB-8AEF-41DA-BCB4-BAAE448D1D03}.Debug|x86.Build.0 = Debug|Win32
		{C70CD2BB-8AEF-41DA-BCB4-BAAE448D1D03}.Release|ARM.ActiveCfg = Release|Win32
		{C70CD2BB-8AEF-41DA-BCB4-BAAE448D1D03}.Release|ARM64.ActiveCfg = Release|Win32
		{C70CD2BB-8AEF-41DA-BCB4-BAAE448D1D03}.Release|x64.ActiveCfg = Release|x64
		{C70CD2BB-8AEF-41DA-BCB4-BAAE448D1D03}.Release|x64.Build.0 = Release|x64
		{C70CD2BB-8AEF-41DA-BCB4-BAAE448D1D03}.Release|x86.ActiveCfg = Release|Win32
		{C70CD2BB-8AEF-41DA-BCB4-BAAE448D1D03}.Release|x86.Build.0 = Release|Win32
		{046BB2D5-27C6-4064-B34A-5EFCE6CB686F}.Debug|ARM.ActiveCfg = Debug|Win32
		{046BB2D5-27C6-4064-B34A-5EFCE6CB686F}.Debug|ARM64.ActiveCfg = Debug|Win32
		{046BB2D5-27C6-4064-B34A-5EFCE6CB686F}.Debug|x64.ActiveCfg = Debug|x64
		{046BB2D5-27C6-4064-B34A-5EFCE6CB686F}.Debug|x64.Build.0 = Debug|x64
		{046BB2D5-27C6-4064-B34A-5EFCE6CB686F}.Debug|x86.ActiveCfg = Debug|Win32
		{046BB2D5-27C6-4064-B34A-5EFCE6CB686F}.Debug|x86.Build.0 = Debug|Win32
		{046BB2D5-27C6-4064-B34A-5EFCE6CB686F}.Release|ARM.ActiveCfg = Release|Win32
		{046BB2D5-27C6-4064-B34A-5EFCE6CB686F}.Release|ARM64.ActiveCfg = Release|Win32
		{046BB2D5-27C6-4064-B34A-5EFCE6CB686F}.Release|x64.ActiveCfg = Release|x64
		{046BB2D5-27C6-4064-B34A-5EFCE6CB686F}.Release|x64.Build.0 = Release|x64
		{046BB2D5-27C6-4064-B34A-5EFCE6CB686F}.Release|x86.ActiveCfg = Release|Win32
		{046BB2D5-27C6-4064-B34A-5EFCE6CB686F}.Release|x86.Build.0 = Release|Win32
		{CD8D6F8A-9202-4E5C-A205-E6B703C20003}.Debug|ARM.ActiveCfg = Debug|Win32
		{CD8D6F8A-9202-4E5C-A205-E6B703C20003}.Debug|ARM64.ActiveCfg = Debug|Win32
		{CD8D6F8A-9202-4E5C-A205-E6B703C20003}.Debug|x64.ActiveCfg = Debug|x64
		{CD8D6F8A-9202-4E5C-A205-E6B703C20003}.Debug|x64.Build.0 = Debug|x64
		{CD8D6F8A-9202-4E5C-A205-E6B703C20003}.Debug|x86.ActiveCfg = Debug|Win32
		{CD8D6F8A-9202-4E5C-A205-E6B703C20003}.Debug|x86.Build.0 = Debug|Win32
		{CD8D6F8A-9202-4E5C-A205-E6B703C20003}.Release|ARM.ActiveCfg = Release|Win32
		{CD8D6F8A-9202-4E5C-A205-E6B703C20003}.Release|ARM64.ActiveCfg = Release|Win32
		{CD8D6F8A-9202-4E5C-A205-E6B703C20003}.Release|x64.ActiveCfg = Release|x64
		{CD8D6F8A-9202-4E5C-A205-E6B703C20003}.Release|x64.Build.0 = Release|x64
		{CD8D6F8A-9202-4E5C-A205-E6B703C20003}.Release|x86.ActiveCfg = Release|Win32
		{CD8D6F8A-9202-4E5C-A205-E6B703C20003}.Release|x86.Build.0 = Release|Win32
		{3B2E76B7-1347-4FBC-A48B-CCDCCF97F8CD}.Debug|ARM.ActiveCfg = Debug|Win32
		{3B2E76B7-1347-4FBC-A48B-CCDCCF97F8CD}.Debug|ARM64.ActiveCfg = Debug|Win32
		{3B2E76B7-1347-4FBC-A48B-CCDCCF97F8CD}.Debug|x64.ActiveCfg = Debug|x64
		{3B2E76B7-1347-4FBC-A48B-CCDCCF97F8CD}.Debug|x64.Build.0 = Debug|x64
		{3B2E76B7-1347-4FBC-A48B-CCDCCF97F8CD}.Debug|x86.ActiveCfg = Debug|Win32
		{3B2E76B7-1347-4FBC-A48B-CCDCCF97F8CD}.Debug|x86.Build.0 = Debug|Win32
		{3B2E76B7-1347-4FBC-A48B-CCDCCF97F8CD}.Release|ARM.ActiveCfg = Release|Win32
		{3B2E76B7-1347-4FBC-A48B-CCDCCF97F8CD}.Release|ARM64.ActiveCfg = Release|Win32
		{3B2E76B7-1347-4FBC-A48B-CCDCCF97F8CD}.Release|x64.ActiveCfg = Release|x64
		{3B2E76B7-1347-4FBC-A48B-CCDCCF97F8CD}.Release|x64.Build.0 = Release|x64
		{3B2E76B7-1347-4FBC-A48B-CCDCCF97F8CD}.Release|x86.ActiveCfg = Release|Win32
		{3B2E76B7-1347-4FBC-A48B-CCDCCF97F8CD}.Release|x86.Build.0 = Release|Win32
		{4CC79035-0986-473A-B737-7420D5E515D9}.Debug|ARM.ActiveCfg = Debug|Win32
		{4CC79035-0986-473A-B737-7420D5E515D9}.Debug|ARM64.ActiveCfg = Debug|Win32
		{4CC79035-0986-473A-B737-7420D5E515D9}.Debug|x64.ActiveCfg = Debug|x64
		{4CC79035-0986-473A-B737-7420D5E515D9}.Debug|x64.Build.0 = Debug|x64
		{4CC79035-0986-473A-B737-7420D5E515D9}.Debug|x86.ActiveCfg = Debug|Win32
		{4CC79035-0986-473A-B737-7420D5E515D9}.Debug|x86.Build.0 = Debug|Win32
		{4CC79035-0986-473A-B737-7420D5E515D9}.Release|ARM.ActiveCfg = Release|Win32
		{4CC79035-0986-473A-B737-7420D5E515D9}.Release|ARM64.ActiveCfg = Release|Win32
		{4CC79035-0986-473A-B737-7420D5E515D9}.Release|x64.ActiveCfg = Release|x64
		{4CC79035-0986-473A-B737-7420D5E515D9}.Release|x64.Build.0 = Release|x64
		{4CC79035-0986-473A-B737-7420D5E515D9}.Release|x86.ActiveCfg = Release|Win32
		{4CC79035-0986-473A-B737-7420D5E515D9}.Release|x86.Build.0 = Release|Win32
		{56427178-EF5D-49C1-93A8-986F8EEB1073}.Debug|ARM.ActiveCfg = Debug|Win32
		{56427178-EF5D-49C1-93A8-986F8EEB1073}.Debug|ARM64.ActiveCfg = Debug|Win32
		{56427178-EF5D-49C1-93A8-986F8EEB1073}.Debug|x64.ActiveCfg = Debug|x64
		{56427178-EF5D-49C1-93A8-986F8EEB1073}.Debug|x64.Build.0 = Debug|x64
		{56427178-EF5D-49C1-93A8-986F8EEB1073}.Debug|x86.ActiveCfg = Debug|Win32
		{56427178-EF5D-49C1-93A8-986F8EEB1073}.Debug|x86.Build.0 = Debug|Win32
		{56427178-EF5D-49C1-93A8-986F8EEB1073}.Release|ARM.ActiveCfg = Release|Win32
		{56427178-EF5D-49C1-93A8-986F8EEB1073}.Release|ARM64.ActiveCfg = Release|Win32
		{56427178-EF5D-49C1-93A8-986F8EEB1073}.Release|x64.ActiveCfg = Release|x64
		{56427178-EF5D-49C1-93A8-986F8EEB1073}.Release|x64.Build.0 = Release|x64
		{56427178-EF5D-49C1-93A8-986F8EEB1073}.Release|x86.ActiveCfg = Release|Win32
		{56427178-EF5D-49C1-93A8-986F8EEB1073}.Release|x86.Build.0 = Release|Win32
		{70EB9FCC-EF3A-4F63-B061-21B7A0AD9F2E}.Debug|ARM.ActiveCfg = Debug|Win32
		{70EB9FCC-EF3A-4F63-B061-21B7A0AD9F2E}.Debug|ARM64.ActiveCfg = Debug|Win32
		{70EB9FCC-EF3A-4F63-B061-21B7A0AD9F2E}.Debug|x64.ActiveCfg = Debug|x64
		{70EB9FCC-EF3A-4F63-B061-21B7A0AD9F2E}.Debug|x64.Build.0 = Debug|x64
		{70EB9FCC-EF3A-4F63-B061-21B7A0AD9F2E}.Debug|x86.ActiveCfg = Debug|Win32
		{70EB9FCC-EF3A-4F63-B061-21B7A0AD9F2E}.Debug|x86.Build.0 = Debug|Win32
		{70EB9FCC-EF3A-4F63-B061-21B7A0AD9F2E}.Release|ARM.ActiveCfg = Release|Win32
		{70EB9FCC-EF3A-4F63-B061-21B7A0AD9F2E}.Release|ARM64.ActiveCfg = Release|Win32
		{70EB9FCC-EF3A-4F63-B061-21B7A0AD9F2E}.Release|x64.ActiveCfg = Release|x64
		{70EB9FCC-EF3A-4F63-B061-21B7A0AD9F2E}.Release|x64.Build.0 = Release|x64
		{70EB9FCC-EF3A-4F63-B061-21B7A0AD9F2E}.Release|x86.ActiveCfg = Release|Win32
		{70EB9FCC-EF3A-4F63-B061-21B7A0AD9F2E}.Release|x86.Build.0 = Release|Win32
		{0BC98C19-0660-4BF4-8FA6-EE82D6D5AEF0}.Debug|ARM.ActiveCfg = Debug|Win32
		{0BC98C19-0660-4BF4-8FA6-EE82D6D5AEF0}.Debug|ARM64.ActiveCfg = Debug|Win32
		{0BC98C19-0660-4BF4-8FA6-EE82D6D5AEF0}.Debug|x64.ActiveCfg = Debug|x64
		{0BC98C19-0660-4BF4-8FA6-EE82D6D5AEF0}.Debug|x64.Build.0 = Debug|x64
		{0BC98C19-0660-4BF4-8FA6-EE82D6D5AEF0}.Debug|x86.ActiveCfg = Debug|Win32
		{0BC98C19-0660-4BF4-8FA6-EE82D6D5AEF0}.Debug|x86.Build.0 = Debug|Win32
		{0BC98C19-0660-4BF4-8FA6-EE82D6D5AEF0}.Release|ARM.ActiveCfg = Release|Win32
		{0BC98C19-0660-4BF4-8FA6-EE82D6D5AEF0}.Release|ARM64.ActiveCfg = Release|Win32
		{0BC98C19-0660-4BF4-8FA6-EE82D6D5AEF0}.Release|x64.ActiveCfg = Release|x64
		{0BC98C19-0660-4BF4-8FA6-EE82D6D5AEF0}.Release|x64.Build.0 = Release|x64
		{0BC98C19-0660-4BF4-8FA6-EE82D6D5AEF0}.Release|x86.ActiveCfg = Release|Win32
		{0BC98C19-0660-4BF4-8FA6-EE82D6D5AEF0}.Release|x86.Build.0 = Release|Win32
		{8A2E93C8-85D0-40FF-9226-B6B8056CE072}.Debug|ARM.ActiveCfg = Debug|Win32
		{8A2E93C8-85D0-40FF-9226-B6B8056CE072}.Debug|ARM64.ActiveCfg = Debug|Win32
		{8A2E93C8-85D0-40FF-9226-B6B8056CE072}.Debug|x64.ActiveCfg = Debug|x64
		{8A2E93C8-85D0-40FF-9226-B6B8056CE072}.Debug|x64.Build.0 = Debug|x64
		{8A2E93C8-85D0-40FF-9226-B6B8056CE072}.Debug|x86.ActiveCfg = Debug|Win32
		{8A2E93C8-85D0-40FF-9226-B6B8056CE072}.Debug|x86.Build.0 = Debug|Win32
		{8A2E93C8-85D0-40FF-9226-B6B8056CE072}.Release|ARM.ActiveCfg = Release|Win32
		{8A2E93C8-85D0-40FF-9226-B6B8056CE072}.Release|ARM64.ActiveCfg = Release|Win32
		{8A2E93C8-85D0-40FF-9226-B6B8056CE072}.Release|x64.ActiveCfg = Release|x64
		{8A2E93C8-85D0-40FF-9226-B6B8056CE072}.Release|x64.Build.0 = Release|x64
		{8A2E93C8-85D0-40FF-9226-B6B8056CE072}.Release|x86.ActiveCfg = Release|Win32
		{8A2E93C8-85D0-40FF-9226-B6B8056CE072}.Release|x86.Build.0 = Release|Win32
		{15282FCF-50A7-4991-BB35-2F925EDDD804}.Debug|ARM.ActiveCfg = Debug|Win32
		{15282FCF-50A7-4991-BB35-2F925EDDD804}.Debug|ARM64.ActiveCfg = Debug|Win32
		{15282FCF-50A7-4991-BB35-2F925EDDD804}.Debug|x64.ActiveCfg = Debug|x64
		{15282FCF-50A7-4991-BB35-2F925EDDD804}.Debug|x64.Build.0 = Debug|x64
		{15282FCF-50A7-4991-BB35-2F925EDDD804}.Debug|x86.ActiveCfg = Debug|Win32
		{15282FCF-50A7-4991-BB35-2F925EDDD804}.Debug|x86.Build.0 = Debug|Win32
		{15282FCF-50A7-4991-BB35-2F925EDDD804}.Release|ARM.ActiveCfg = Release|Win32
		{15282FCF-50A7-4991-BB35-2F925EDDD804}.Release|ARM64.ActiveCfg = Release|Win32
		{15282FCF-50A7-4991-BB35-2F925EDDD804}.Release|x64.ActiveCfg = Release|x64
		{15282FCF-50A7-4991-BB35-2F925EDDD804}.Release|x64.Build.0 = Release|x64
		{15282FCF-50A7-4991-BB35-2F925EDDD804}.Release|x86.ActiveCfg = Release|Win32
		{15282FCF-50A7-4991-BB35-2F925EDDD804}.Release|x86.Build.0 = Release|Win32
		{EDD52263-E9A2-414A-9BDC-560D393B4774}.Debug|ARM.ActiveCfg = Debug|Win32
		{EDD52263-E9A2-414A-9BDC-560D393B4774}.Debug|ARM64.ActiveCfg = Debug|Win32
		{EDD52263-E9A2-414A-9BDC-560D393B4774}.Debug|x64.ActiveCfg = Debug|x64
		{EDD52263-E9A2-414A-9BDC-560D393B4774}.Debug|x64.Build.0 = Debug|x64
		{EDD52263-E9A2-414A-9BDC-560D393B4774}.Debug|x86.ActiveCfg = Debug|Win32
		{EDD52263-E9A2-414A-9BDC-560D393B4774}.Debug|x86.Build.0 = Debug|Win32
		{EDD52263-E9A2-414A-9BDC-560D393B4774}.Release|ARM.ActiveCfg = Release|Win32
		{EDD52263-E9A2-414A-9BDC-560D393B4774}.Release|ARM64.ActiveCfg = Release|Win32
		{EDD52263-E9A2-414A-9BDC-560D393B4774}.Release|x64.ActiveCfg = Release|x64
		{EDD52263-E9A2-414A-9BDC-560D393B4774}.Release|x64.Build.0 = Release|x64
		{EDD52263-E9A2-414A-9BDC-560D393B4774}.Release|x86.ActiveCfg = Release|Win32
		{EDD52263-E9A2-414A-9BDC-560D393B4774}.Release|x86.Build.0 = Release|Win32
		{A9AF0410-1EBE-4586-AF38-15DBEAF11DC1}.Debug|ARM.ActiveCfg = Debug|Win32
		{A9AF0410-1EBE-4586-AF38-15DBEAF11DC1}.Debug|ARM64.ActiveCfg = Debug|Win32
		{A9AF0410-1EBE-4586-AF38-15DBEAF11DC1}.Debug|x64.ActiveCfg = Debug|x64
		{A9AF0410-1EBE-4586-AF38-15DBEAF11DC1}.Debug|x64.Build.0 = Debug|x64
		{A9AF0410-1EBE-4586-AF38-15DBEAF11DC1}.Debug|x86.ActiveCfg = Debug|Win32
		{A9AF0410-1EBE-4586-AF38-15DBEAF11DC1}.Debug|x86.Build.0 = Debug|Win32
		{A9AF0410-1EBE-4586-AF38-15DBEAF11DC1}.Release|ARM.ActiveCfg = Release|Win32
		{A9AF0410-1EBE-4586-AF38-15DBEAF11DC1}.Release|ARM64.ActiveCfg = Release|Win32
		{A9AF0410-1EBE-4586-AF38-15DBEAF11DC1}.Release|x64.ActiveCfg = Release|x64
		{A9AF0410-1EBE-4586-AF38-15DBEAF11DC1}.Release|x64.Build.0 = Release|x64
		{A9AF0410-1EBE-4586-AF38-15DBEAF11DC1}.Release|x86.ActiveCfg = Release|Win32
		{A9AF0410-1EBE-4586-AF38-15DBEAF11DC1}.Release|x86.Build.0 = Release|Win32
		{6B3CFA68-F94D-4387-A5F8-898E908FCBBC}.Debug|ARM.ActiveCfg = Debug|Win32
		{6B3CFA68-F94D-4387-A5F8-898E908FCBBC}.Debug|ARM64.ActiveCfg = Debug|Win32
		{6B3CFA68-F94D-4387-A5F8-898E908FCBBC}.Debug|x64.ActiveCfg = Debug|x64
		{6B3CFA68-F94D-4387-A5F8-898E908FCBBC}.Debug|x64.Build.0 = Debug|x64
		{6B3CFA68-F94D-4387-A5F8-898E908FCBBC}.Debug|x86.ActiveCfg = Debug|Win32
		{6B3CFA68-F94D-4387-A5F8-898E908FCBBC}.Debug|x86.Build.0 = Debug|Win32
		{6B3CFA68-F94D-4387-A5F8-898E908FCBBC}.Release|ARM.ActiveCfg = Release|Win32
		{6B3CFA68-F94D-4387-A5F8-898E908FCBBC}.Release|ARM64.ActiveCfg = Release|Win32
		{6B3CFA68-F94D-4387-A5F8-898E908FCBBC}.Release|x64.ActiveCfg = Release|x64
		{6B3CFA68-F94D-4387-A5F8-898E908FCBBC}.Release|x64.Build.0 = Release|x64
		{6B3CFA68-F94D-4387-A5F8-898E908FCBBC}.Release|x86.ActiveCfg = Release|Win32
		{6B3CFA68-F94D-4387-A5F8-898E908FCBBC}.Release|x86.Build.0 = Release|Win32
		{5966134F-3849-4C52-855D-B0268BD8BD72}.Debug|ARM.ActiveCfg = Debug|Win32
		{5966134F-3849-4C52-855D-B0268BD8BD72}.Debug|ARM64.ActiveCfg = Debug|Win32
		{5966134F-3849-4C52-855D-B0268BD8BD72}.Debug|x64.ActiveCfg = Debug|x64
		{5966134F-3849-4C52-855D-B0268BD8BD72}.Debug|x64.Build.0 = Debug|x64
		{5966134F-3849-4C52-855D-B0268BD8BD72}.Debug|x86.ActiveCfg = Debug|Win32
		{5966134F-3849-4C52-855D-B0268BD8BD72}.Debug|x86.Build.0 = Debug|Win32
		{5966134F-3849-4C52-855D-B0268BD8BD72}.Release|ARM.ActiveCfg = Release|Win32
		{5966134F-3849-4C52-855D-B0268BD8BD72}.Release|ARM64.ActiveCfg = Release|Win32
		{5966134F-3849-4C52-855D-B0268BD8BD72}.Release|x64.ActiveCfg = Release|x64
		{5966134F-3849-4C52-855D-B0268BD8BD72}.Release|x64.Build.0 = Release|x64
		{5966134F-3849-4C52-855D-B0268BD8BD72}.Release|x86.ActiveCfg = Release|Win32
		{5966134F-3849-4C52-855D-B0268BD8BD72}.Release|x86.Build.0 = Release|Win32
		{D3083081-7728-413C-9D0A-38AF9CA71888}.Debug|ARM.ActiveCfg = Debug|Win32
		{D3083081-7728-413C-9D0A-38AF9CA71888}.Debug|ARM64.ActiveCfg = Debug|Win32
		{D3083081-7728-413C-9D0A-38AF9CA71888}.Debug|x64.ActiveCfg = Debug|x64
		{D3083081-7728-413C-9D0A-38AF9CA71888}.Debug|x64.Build.0 = Debug|x64
		{D3083081-7728-413C-9D0A-38AF9CA71888}.Debug|x86.ActiveCfg = Debug|Win32
		{D3083081-7728-413C-9D0A-38AF9CA71888}.Debug|x86.Build.0 = Debug|Win32
		{D3083081-7728-413C-9D0A-38AF9CA71888}.Release|ARM.ActiveCfg = Release|Win32
		{D3083081-7728-413C-9D0A-38AF9CA71888}.Release|ARM64.ActiveCfg = Release|Win32
		{D3083081-7728-413C-9D0A-38AF9CA71888}.Release|x64.ActiveCfg = Release|x64
		{D3083081-7728-413C-9D0A-38AF9CA71888}.Release|x64.Build.0 = Release|x64
		{D3083081-7728-413C-9D0A-38AF9CA71888}.Release|x86.ActiveCfg = Release|Win32
		{D3083081-7728-413C-9D0A-38AF9CA71888}.Release|x86.Build.0 = Release|Win32
		{3258E03B-59C4-45CA-9011-749F159AFEF8}.Debug|ARM.ActiveCfg = Debug|Win32
		{3258E03B-59C4-45CA-9011-749F159AFEF8}.Debug|ARM64.ActiveCfg = Debug|Win32
		{3258E03B-59C4-45CA-9011-749F159AFEF8}.Debug|x64.ActiveCfg = Debug|x64
		{3258E03B-59C4-45CA-9011-749F159AFEF8}.Debug|x64.Build.0 = Debug|x64
		{3258E03B-59C4-45CA-9011-749F159AFEF8}.Debug|x86.ActiveCfg = Debug|Win32
		{3258E03B-59C4-45CA-9011-749F159AFEF8}.Debug|x86.Build.0 = Debug|Win32
		{3258E03B-59C4-45CA-9011-749F159AFEF8}.Release|ARM.ActiveCfg = Release|Win32
		{3258E03B-59C4-45CA-9011-749F159AFEF8}.Release|ARM64.ActiveCfg = Release|Win32
		{3258E03B-59C4-45CA-9011-749F159AFEF8}.Release|x64.ActiveCfg = Release|x64
		{3258E03B-59C4-45CA-9011-749F159AFEF8}.Release|x64.Build.0 = Release|x64
		{3258E03B-59C4-45CA-9011-749F159AFEF8}.Release|x86.ActiveCfg = Release|Win32
		{3258E03B-59C4-45CA-9011-749F159AFEF8}.Release|x86.Build.0 = Release|Win32
		{4975B56B-81A5-442F-B7A2-D6D382377D33}.Debug|ARM.ActiveCfg = Debug|Win32
		{4975B56B-81A5-442F-B7A2-D6D382377D33}.Debug|ARM64.ActiveCfg = Debug|Win32
		{4975B56B-81A5-442F-B7A2-D6D382377D33}.Debug|x64.ActiveCfg = Debug|x64
		{4975B56B-81A5-442F-B7A2-D6D382377D33}.Debug|x64.Build.0 = Debug|x64
		{4975B56B-81A5-442F-B7A2-D6D382377D33}.Debug|x86.ActiveCfg = Debug|Win32
		{4975B56B-81A5-442F-B7A2-D6D382377D33}.Debug|x86.Build.0 = Debug|Win32
		{4975B56B-81A5-442F-B7A2-D6D382377D33}.Release|ARM.ActiveCfg = Release|Win32
		{4975B56B-81A5-442F-B7A2-D6D382377D33}.Release|ARM64.ActiveCfg = Release|Win32
		{4975B56B-81A5-442F-B7A2-D6D382377D33}.Release|x64.ActiveCfg = Release|x64
		{4975B56B-81A5-442F-B7A2-D6D382377D33}.Release|x64.Build.0 = Release|x64
		{4975B56B-81A5-442F-B7A2-D6D382377D33}.Release|x86.ActiveCfg = Release|Win32
		{4975B56B-81A5-442F-B7A2-D6D382377D33}.Release|x86.Build.0 = Release|Win32
		{76A88B0A-715A-4B6C-A478-4584EC43A5C2}.Debug|ARM.ActiveCfg = Debug|Win32
		{76A88B0A-715A-4B6C-A478-4584EC43A5C2}.Debug|ARM64.ActiveCfg = Debug|Win32
		{76A88B0A-715A-4B6C-A478-4584EC43A5C2}.Debug|x64.ActiveCfg = Debug|x64
		{76A88B0A-715A-4B6C-A478-4584EC43A5C2}.Debug|x64.Build.0 = Debug|x64
		{76A88B0A-715A-4B6C-A478-4584EC43A5C2}.Debug|x86.ActiveCfg = Debug|Win32
		{76A88B0A-715A-4B6C-A478-4584EC43A5C2}.Debug|x86.Build.0 = Debug|Win32
		{76A88B0A-715A-4B6C-A478-4584EC43A5C2}.Release|ARM.ActiveCfg = Release|Win32
		{76A88B0A-715A-4B6C-A478-4584EC43A5C2}.Release|ARM64.ActiveCfg = Release|Win32
		{76A88B0A-715A-4B6C-A478-4584EC43A5C2}.Release|x64.ActiveCfg = Release|x64
		{76A88B0A-715A-4B6C-A478-4584EC43A5C2}.Release|x64.Build.0 = Release|x64
		{76A88B0A-715A-4B6C-A478-4584EC43A5C2}.Release|x86.ActiveCfg = Release|Win32
		{76A88B0A-715A-4B6C-A478-4584EC43A5C2}.Release|x86.Build.0 = Release|Win32
		{0D452505-AAB3-422E-827C-4E6CE2396234}.Debug|ARM.ActiveCfg = Debug|Win32
		{0D452505-AAB3-422E-827C-4E6CE2396234}.Debug|ARM64.ActiveCfg = Debug|Win32
		{0D452505-AAB3-422E-827C-4E6CE2396234}.Debug|x64.ActiveCfg = Debug|x64
		{0D452505-AAB3-422E-827C-4E6CE2396234}.Debug|x64.Build.0 = Debug|x64
		{0D452505-AAB3-422E-827C-4E6CE2396234}.Debug|x86.ActiveCfg = Debug|Win32
		{0D452505-AAB3-422E-827C-4E6CE2396234}.Debug|x86.Build.0 = Debug|Win32
		{0D452505-AAB3-422E-827C-4E6CE2396234}.Release|ARM.ActiveCfg = Release|Win32
		{0D452505-AAB3-422E-827C-4E6CE2396234}.Release|ARM64.ActiveCfg = Release|Win32
		{0D452505-AAB3-422E-827C-4E6CE2396234}.Release|x64.ActiveCfg = Release|x64
		{0D452505-AAB3-422E-827C-4E6CE2396234}.Release|x64.Build.0 = Release|x64
		{0D452505-AAB3-422E-827C-4E6CE2396234}.Release|x86.ActiveCfg = Release|Win32
		{0D452505-AAB3-422E-827C-4E6CE2396234}.Release|x86.Build.0 = Release|Win32
		{6380D45E-2DF5-4FFE-8BF3-A73212D46202}.Debug|ARM.ActiveCfg = Debug|Win32
		{6380D45E-2DF5-4FFE-8BF3-A73212D46202}.Debug|ARM64.ActiveCfg = Debug|Win32
		{6380D45E-2DF5-4FFE-8BF3-A73212D46202}.Debug|x64.ActiveCfg = Debug|x64
		{6380D45E-2DF5-4FFE-8BF3-A73212D46202}.Debug|x64.Build.0 = Debug|x64
		{6380D45E-2DF5-4FFE-8BF3-A73212D46202}.Debug|x86.ActiveCfg = Debug|Win32
		{6380D45E-2DF5-4FFE-8BF3-A73212D46202}.Debug|x86.Build.0 = Debug|Win32
		{6380D45E-2DF5-4FFE-8BF3-A73212D46202}.Release|ARM.ActiveCfg = Release|Win32
		{6380D45E-2DF5-4FFE-8BF3-A73212D46202}.Release|ARM64.ActiveCfg = Release|Win32
		{6380D45E-2DF5-4FFE-8BF3-A73212D46202}.Release|x64.ActiveCfg = Release|x64
		{6380D45E-2DF5-4FFE-8BF3-A73212D46202}.Release|x64.Build.0 = Release|x64
		{6380D45E-2DF5-4FFE-8BF3-A73212D46202}.Release|x86.ActiveCfg = Release|Win32
		{6380D45E-2DF5-4FFE-8BF3-A73212D46202}.Release|x86.Build.0 = Release|Win32
		{D8CF03D3-EEA4-48F9-9C30-6EDE4F7EE698}.Debug|ARM.ActiveCfg = Debug|Win32
		{D8CF03D3-EEA4-48F9-9C30-6EDE4F7EE698}.Debug|ARM64.ActiveCfg = Debug|Win32
		{D8CF03D3-EEA4-48F9-9C30-6EDE4F7EE698}.Debug|x64.ActiveCfg = Debug|x64
		{D8CF03D3-EEA4-48F9-9C30-6EDE4F7EE698}.Debug|x64.Build.0 = Debug|x64
		{D8CF03D3-EEA4-48F9-9C30-6EDE4F7EE698}.Debug|x86.ActiveCfg = Debug|Win32
		{D8CF03D3-EEA4-48F9-9C30-6EDE4F7EE698}.Debug|x86.Build.0 = Debug|Win32
		{D8CF03D3-EEA4-48F9-9C30-6EDE4F7EE698}.Release|ARM.ActiveCfg = Release|Win32
		{D8CF03D3-EEA4-48F9-9C30-6EDE4F7EE698}.Release|ARM64.ActiveCfg = Release|Win32
		{D8CF03D3-EEA4-48F9-9C30-6EDE4F7EE698}.Release|x64.ActiveCfg = Release|x64
		{D8CF03D3-EEA4-48F9-9C30-6EDE4F7EE698}.Release|x64.Build.0 = Release|x64
		{D8CF03D3-EEA4-48F9-9C30-6EDE4F7EE698}.Release|x86.ActiveCfg = Release|Win32
		{D8CF03D3-EEA4-48F9-9C30-6EDE4F7EE698}.Release|x86.Build.0 = Release|Win32
		{9F6A7E0D-77DA-438B-A9AD-254267583E8F}.Debug|ARM.ActiveCfg = Debug|Win32
		{9F6A7E0D-77DA-438B-A9AD-254267583E8F}.Debug|ARM64.ActiveCfg = Debug|Win32
		{9F6A7E0D-77DA-438B-A9AD-254267583E8F}.Debug|x64.ActiveCfg = Debug|x64
		{9F6A7E0D-77DA-438B-A9AD-254267583E8F}.Debug|x64.Build.0 = Debug|x64
		{9F6A7E0D-77DA-438B-A9AD-254267583E8F}.Debug|x86.ActiveCfg = Debug|Win32
		{9F6A7E0D-77DA-438B-A9AD-254267583E8F}.Debug|x86.Build.0 = Debug|Win32
		{9F6A7E0D-77DA-438B-A9AD-254267583E8F}.Release|ARM.ActiveCfg = Release|Win32
		{9F6A7E0D-77DA-438B-A9AD-254267583E8F}.Release|ARM64.ActiveCfg = Release|Win32
		{9F6A7E0D-77DA-438B-A9AD-254267583E8F}.Release|x64.ActiveCfg = Release|x64
		{9F6A7E0D-77DA-438B-A9AD-254267583E8F}.Release|x64.Build.0 = Release|x64
		{9F6A7E0D-77DA-438B-A9AD-254267583E8F}.Release|x86.ActiveCfg = Release|Win32
		{9F6A7E0D-77DA-438B-A9AD-254267583E8F}.Release|x86.Build.0 = Release|Win32
		{A4D7955D-0678-4EAA-9AAD-C9DEC253C895}.Debug|ARM.ActiveCfg = Debug|Win32
		{A4D7955D-0678-4EAA-9AAD-C9DEC253C895}.Debug|ARM64.ActiveCfg = Debug|Win32
		{A4D7955D-0678-4EAA-9AAD-C9DEC253C895}.Debug|x64.ActiveCfg = Debug|x64
		{A4D7955D-0678-4EAA-9AAD-C9DEC253C895}.Debug|x64.Build.0 = Debug|x64
		{A4D7955D-0678-4EAA-9AAD-C9DEC253C895}.Debug|x86.ActiveCfg = Debug|Win32
		{A4D7955D-0678-4EAA-9AAD-C9DEC253C895}.Debug|x86.Build.0 = Debug|Win32
		{A4D7955D-0678-4EAA-9AAD-C9DEC253C895}.Release|ARM.ActiveCfg = Release|Win32
		{A4D7955D-0678-4EAA-9AAD-C9DEC253C895}.Release|ARM64.ActiveCfg = Release|Win32
		{A4D7955D-0678-4EAA-9AAD-C9DEC253C895}.Release|x64.ActiveCfg = Release|x64
		{A4D7955D-0678-4EAA-9AAD-C9DEC253C895}.Release|x64.Build.0 = Release|x64
		{A4D7955D-0678-4EAA-9AAD-C9DEC253C895}.Release|x86.ActiveCfg = Release|Win32
		{A4D7955D-0678-4EAA-9AAD-C9DEC253C895}.Release|x86.Build.0 = Release|Win32
		{6119FFCC-503B-46B3-802B-453F93A7F296}.Debug|ARM.ActiveCfg = Debug|Win32
		{6119FFCC-503B-46B3-802B-453F93A7F296}.Debug|ARM64.ActiveCfg = Debug|Win32
		{6119FFCC-503B-46B3-802B-453F93A7F296}.Debug|x64.ActiveCfg = Debug|x64
		{6119FFCC-503B-46B3-802B-453F93A7F296}.Debug|x64.Build.0 = Debug|x64
		{6119FFCC-503B-46B3-802B-453F93A7F296}.Debug|x86.ActiveCfg = Debug|Win32
		{6119FFCC-503B-46B3-802B-453F93A7F296}.Debug|x86.Build.0 = Debug|Win32
		{6119FFCC-503B-46B3-802B-453F93A7F296}.Release|ARM.ActiveCfg = Release|Win32
		{6119FFCC-503B-46B3-802B-453F93A7F296}.Release|ARM64.ActiveCfg = Release|Win32
		{6119FFCC-503B-46B3-802B-453F93A7F296}.Release|x64.ActiveCfg = Release|x64
		{6119FFCC-503B-46B3-802B-453F93A7F296}.Release|x64.Build.0 = Release|x64
		{6119FFCC-503B-46B3-802B-453F93A7F296}.Release|x86.ActiveCfg = Release|Win32
		{6119FFCC-503B-46B3-802B-453F93A7F296}.Release|x86.Build.0 = Release|Win32
		{AF395CE5-789F-499E-917E-6CB9F4DA5217}.Debug|ARM.ActiveCfg = Debug|Win32
		{AF395CE5-789F-499E-917E-6CB9F4DA5217}.Debug|ARM64.ActiveCfg = Debug|Win32
		{AF395CE5-789F-499E-917E-6CB9F4DA5217}.Debug|x64.ActiveCfg = Debug|x64
		{AF395CE5-789F-499E-917E-6CB9F4DA5217}.Debug|x64.Build.0 = Debug|x64
		{AF395CE5-789F-499E-917E-6CB9F4DA5217}.Debug|x86.ActiveCfg = Debug|Win32
		{AF395CE5-789F-499E-917E-6CB9F4DA5217}.Debug|x86.Build.0 = Debug|Win32
		{AF395CE5-789F-499E-917E-6CB9F4DA5217}.Release|ARM.ActiveCfg = Release|Win32
		{AF395CE5-789F-499E-917E-6CB9F4DA5217}.Release|ARM64.ActiveCfg = Release|Win32
		{AF395CE5-789F-499E-917E-6CB9F4DA5217}.Release|x64.ActiveCfg = Release|x64
		{AF395CE5-789F-499E-917E-6CB9F4DA5217}.Release|x64.Build.0 = Release|x64
		{AF395CE5-789F-499E-917E-6CB9F4DA5217}.Release|x86.ActiveCfg = Release|Win32
		{AF395CE5-789F-499E-917E-6CB9F4DA5217}.Release|x86.Build.0 = Release|Win32
		{2C095282-9D99-413D-87F7-4AD329789B6D}.Debug|ARM.ActiveCfg = Debug|Win32
		{2C095282-9D99-413D-87F7-4AD329789B6D}.Debug|ARM64.ActiveCfg = Debug|Win32
		{2C095282-9D99-413D-87F7-4AD329789B6D}.Debug|x64.ActiveCfg = Debug|x64
		{2C095282-9D99-413D-87F7-4AD329789B6D}.Debug|x64.Build.0 = Debug|x64
		{2C095282-9D99-413D-87F7-4AD329789B6D}.Debug|x86.ActiveCfg = Debug|Win32
		{2C095282-9D99-413D-87F7-4AD329789B6D}.Debug|x86.Build.0 = Debug|Win32
		{2C095282-9D99-413D-87F7-4AD329789B6D}.Release|ARM.ActiveCfg = Release|Win32
		{2C095282-9D99-413D-87F7-4AD329789B6D}.Release|ARM64.ActiveCfg = Release|Win32
		{2C095282-9D99-413D-87F7-4AD329789B6D}.Release|x64.ActiveCfg = Release|x64
		{2C095282-9D99-413D-87F7-4AD329789B6D}.Release|x64.Build.0 = Release|x64
		{2C095282-9D99-413D-87F7-4AD329789B6D}.Release|x86.ActiveCfg = Release|Win32
		{2C095282-9D99-413D-87F7-4AD329789B6D}.Release|x86.Build.0 = Release|Win32
		{33986B1C-DAD2-4F0A-8AD7-66C7AF2B5E27}.Debug|ARM.ActiveCfg = Debug|Win32
		{33986B1C-DAD2-4F0A-8AD7-66C7AF2B5E27}.Debug|ARM64.ActiveCfg = Debug|Win32
		{33986B1C-DAD2-4F0A-8AD7-66C7AF2B5E27}.Debug|x64.ActiveCfg = Debug|x64
		{33986B1C-DAD2-4F0A-8AD7-66C7AF2B5E27}.Debug|x64.Build.0 = Debug|x64
		{33986B1C-DAD2-4F0A-8AD7-66C7AF2B5E27}.Debug|x86.ActiveCfg = Debug|Win32
		{33986B1C-DAD2-4F0A-8AD7-66C7AF2B5E27}.Debug|x86.Build.0 = Debug|Win32
		{33986B1C-DAD2-4F0A-8AD7-66C7AF2B5E27}.Release|ARM.ActiveCfg = Release|Win32
		{33986B1C-DAD2-4F0A-8AD7-66C7AF2B5E27}.Release|ARM64.ActiveCfg = Release|Win32
		{33986B1C-DAD2-4F0A-8AD7-66C7AF2B5E27}.Release|x64.ActiveCfg = Release|x64
		{33986B1C-DAD2-4F0A-8AD7-66C7AF2B5E27}.Release|x64.Build.0 = Release|x64
		{33986B1C-DAD2-4F0A-8AD7-66C7AF2B5E27}.Release|x86.ActiveCfg = Release|Win32
		{33986B1C-DAD2-4F0A-8AD7-66C7AF2B5E27}.Release|x86.Build.0 = Release|Win32
		{30B02A87-0A7B-4B44-9F4C-F2FE15FF4D5F}.Debug|ARM.ActiveCfg = Debug|Win32
		{30B02A87-0A7B-4B44-9F4C-F2FE15FF4D5F}.Debug|ARM64.ActiveCfg = Debug|Win32
		{30B02A87-0A7B-4B44-9F4C-F2FE15FF4D5F}.Debug|x64.ActiveCfg = Debug|x64
		{30B02A87-0A7B-4B44-9F4C-F2FE15FF4D5F}.Debug|x64.Build.0 = Debug|x64
		{30B02A87-0A7B-4B44-9F4C-F2FE15FF4D5F}.Debug|x86.ActiveCfg = Debug|Win32
		{30B02A87-0A7B-4B44-9F4C-F2FE15FF4D5F}.Debug|x86.Build.0 = Debug|Win32
		{30B02A87-0A7B-4B44-9F4C-F2FE15FF4D5F}.Release|ARM.ActiveCfg = Release|Win32
		{30B02A87-0A7B-4B44-9F4C-F2FE15FF4D5F}.Release|ARM64.ActiveCfg = Release|Win32
		{30B02A87-0A7B-4B44-9F4C-F2FE15FF4D5F}.Release|x64.ActiveCfg = Release|x64
		{30B02A87-0A7B-4B44-9F4C-F2FE15FF4D5F}.Release|x64.Build.0 = Release|x64
		{30B02A87-0A7B-4B44-9F4C-F2FE15FF4D5F}.Release|x86.ActiveCfg = Release|Win32
		{30B02A87-0A7B-4B44-9F4C-F2FE15FF4D5F}.Release|x86.Build.0 = Release|Win32
		{7FFF3BD8-D7C1-4BB1-9E88-0D6CF1868C5E}.Debug|ARM.ActiveCfg = Debug|Win32
		{7FFF3BD8-D7C1-4BB1-9E88-0D6CF1868C5E}.Debug|ARM64.ActiveCfg = Debug|Win32
		{7FFF3BD8-D7C1-4BB1-9E88-0D6CF1868C5E}.Debug|x64.ActiveCfg = Debug|x64
		{7FFF3BD8-D7C1-4BB1-9E88-0D6CF1868C5E}.Debug|x64.Build.0 = Debug|x64
		{7FFF3BD8-D7C1-4BB1-9E88-0D6CF1868C5E}.Debug|x86.ActiveCfg = Debug|Win32
		{7FFF3BD8-D7C1-4BB1-9E88-0D6CF1868C5E}.Debug|x86.Build.0 = Debug|Win32
		{7FFF3BD8-D7C1-4BB1-9E88-0D6CF1868C5E}.Release|ARM.ActiveCfg = Release|Win32
		{7FFF3BD8-D7C1-4BB1-9E88-0D6CF1868C5E}.Release|ARM64.ActiveCfg = Release|Win32
		{7FFF3BD8-D7C1-4BB1-9E88-0D6CF1868C5E}.Release|x64.ActiveCfg = Release|x64
		{7FFF3BD8-D7C1-4BB1-9E88-0D6CF1868C5E}.Release|x64.Build.0 = Release|x64
		{7FFF3BD8-D7C1-4BB1-9E88-0D6CF1868C5E}.Release|x86.ActiveCfg = Release|Win32
		{7FFF3BD8-D7C1-4BB1-9E88-0D6CF1868C5E}.Release|x86.Build.0 = Release|Win32
		{70088A2B-97C8-43A9-9B60-25F0199834F1}.Debug|ARM.ActiveCfg = Debug|Win32
		{70088A2B-97C8-43A9-9B60-25F0199834F1}.Debug|ARM64.ActiveCfg = Debug|Win32
		{70088A2B-97C8-43A9-9B60-25F0199834F1}.Debug|x64.ActiveCfg = Debug|x64
		{70088A2B-97C8-43A9-9B60-25F0199834F1}.Debug|x64.Build.0 = Debug|x64
		{70088A2B-97C8-43A9-9B60-25F0199834F1}.Debug|x86.ActiveCfg = Debug|Win32
		{70088A2B-97C8-43A9-9B60-25F0199834F1}.Debug|x86.Build.0 = Debug|Win32
		{70088A2B-97C8-43A9-9B60-25F0199834F1}.Release|ARM.ActiveCfg = Release|Win32
		{70088A2B-97C8-43A9-9B60-25F0199834F1}.Release|ARM64.ActiveCfg = Release|Win32
		{70088A2B-97C8-43A9-9B60-25F0199834F1}.Release|x64.ActiveCfg = Release|x64
		{70088A2B-97C8-43A9-9B60-25F0199834F1}.Release|x64.Build.0 = Release|x64
		{70088A2B-97C8-43A9-9B60-25F0199834F1}.Release|x86.ActiveCfg = Release|Win32
		{70088A2B-97C8-43A9-9B60-25F0199834F1}.Release|x86.Build.0 = Release|Win32
		{82F531C1-440C-400F-ADF4-3A7CBE8A3B44}.Debug|ARM.ActiveCfg = Debug|Win32
		{82F531C1-440C-400F-ADF4-3A7CBE8A3B44}.Debug|ARM64.ActiveCfg = Debug|Win32
		{82F531C1-440C-400F-ADF4-3A7CBE8A3B44}.Debug|x64.ActiveCfg = Debug|x64
		{82F531C1-440C-400F-ADF4-3A7CBE8A3B44}.Debug|x64.Build.0 = Debug|x64
		{82F531C1-440C-400F-ADF4-3A7CBE8A3B44}.Debug|x86.ActiveCfg = Debug|Win32
		{82F531C1-440C-400F-ADF4-3A7CBE8A3B44}.Debug|x86.Build.0 = Debug|Win32
		{82F531C1-440C-400F-ADF4-3A7CBE8A3B44}.Release|ARM.ActiveCfg = Release|Win32
		{82F531C1-440C-400F-ADF4-3A7CBE8A3B44}.Release|ARM64.ActiveCfg = Release|Win32
		{82F531C1-440C-400F-ADF4-3A7CBE8A3B44}.Release|x64.ActiveCfg = Release|x64
		{82F531C1-440C-400F-ADF4-3A7CBE8A3B44}.Release|x64.Build.0 = Release|x64
		{82F531C1-440C-400F-ADF4-3A7CBE8A3B44}.Release|x86.ActiveCfg = Release|Win32
		{82F531C1-440C-400F-ADF4-3A7CBE8A3B44}.Release|x86.Build.0 = Release|Win32
		{9902331D-D353-494E-B923-2ED64088A124}.Debug|ARM.ActiveCfg = Debug|Win32
		{9902331D-D353-494E-B923-2ED64088A124}.Debug|ARM64.ActiveCfg = Debug|Win32
		{9902331D-D353-494E-B923-2ED64088A124}.Debug|x64.ActiveCfg = Debug|x64
		{9902331D-D353-494E-B923-2ED64088A124}.Debug|x64.Build.0 = Debug|x64
		{9902331D-D353-494E-B923-2ED64088A124}.Debug|x86.ActiveCfg = Debug|Win32
		{9902331D-D353-494E-B923-2ED64088A124}.Debug|x86.Build.0 = Debug|Win32
		{9902331D-D353-494E-B923-2ED64088A124}.Release|ARM.ActiveCfg = Release|Win32
		{9902331D-D353-494E-B923-2ED64088A124}.Release|ARM64.ActiveCfg = Release|Win32
		{9902331D-D353-494E-B923-2ED64088A124}.Release|x64.ActiveCfg = Release|x64
		{9902331D-D353-494E-B923-2ED64088A124}.Release|x64.Build.0 = Release|x64
		{9902331D-D353-494E-B923-2ED64088A124}.Release|x86.ActiveCfg = Release|Win32
		{9902331D-D353-494E-B923-2ED64088A124}.Release|x86.Build.0 = Release|Win32
		{148E4A0E-BC06-4843-95D7-A5D1056DC37B}.Debug|ARM.ActiveCfg = Debug|Win32
		{148E4A0E-BC06-4843-95D7-A5D1056DC37B}.Debug|ARM64.ActiveCfg = Debug|Win32
		{148E4A0E-BC06-4843-95D7-A5D1056DC37B}.Debug|x64.ActiveCfg = Debug|x64
		{148E4A0E-BC06-4843-95D7-A5D1056DC37B}.Debug|x64.Build.0 = Debug|x64
		{148E4A0E-BC06-4843-95D7-A5D1056DC37B}.Debug|x86.ActiveCfg = Debug|Win32
		{148E4A0E-BC06-4843-95D7-A5D1056DC37B}.Debug|x86.Build.0 = Debug|Win32
		{148E4A0E-BC06-4843-95D7-A5D1056DC37B}.Release|ARM.ActiveCfg = Release|Win32
		{148E4A0E-BC06-4843-95D7-A5D1056DC37B}.Release|ARM64.ActiveCfg = Release|Win32
		{148E4A0E-BC06-4843-95D7-A5D1056DC37B}.Release|x64.ActiveCfg = Release|x64
		{148E4A0E-BC06-4843-95D7-A5D1056DC37B}.Release|x64.Build.0 = Release|x64
		{148E4A0E-BC06-4843-95D7-A5D1056DC37B}.Release|x86.ActiveCfg = Release|Win32
		{148E4A0E-BC06-4843-95D7-A5D1056DC37B}.Release|x86.Build.0 = Release|Win32
		{27189841-1279-4111-A18F-962B10D4B037}.Debug|ARM.ActiveCfg = Debug|Win32
		{27189841-1279-4111-A18F-962B10D4B037}.Debug|ARM64.ActiveCfg = Debug|Win32
		{27189841-1279-4111-A18F-962B10D4B037}.Debug|x64.ActiveCfg = Debug|x64
		{27189841-1279-4111-A18F-962B10D4B037}.Debug|x64.Build.0 = Debug|x64
		{27189841-1279-4111-A18F-962B10D4B037}.Debug|x86.ActiveCfg = Debug|Win32
		{27189841-1279-4111-A18F-962B10D4B037}.Debug|x86.Build.0 = Debug|Win32
		{27189841-1279-4111-A18F-962B10D4B037}.Release|ARM.ActiveCfg = Release|Win32
		{27189841-1279-4111-A18F-962B10D4B037}.Release|ARM64.ActiveCfg = Release|Win32
		{27189841-1279-4111-A18F-962B10D4B037}.Release|x64.ActiveCfg = Release|x64
		{27189841-1279-4111-A18F-962B10D4B037}.Release|x64.Build.0 = Release|x64
		{27189841-1279-4111-A18F-962B10D4B037}.Release|x86.ActiveCfg = Release|Win32
		{27189841-1279-4111-A18F-962B10D4B037}.Release|x86.Build.0 = Release|Win32
		{D4F756A1-8B96-4931-B8B6-0D7E7A80EF3E}.Debug|ARM.ActiveCfg = Debug|Win32
		{D4F756A1-8B96-4931-B8B6-0D7E7A80EF3E}.Debug|ARM64.ActiveCfg = Debug|Win32
		{D4F756A1-8B96-4931-B8B6-0D7E7A80EF3E}.Debug|x64.ActiveCfg = Debug|x64
		{D4F756A1-8B96-4931-B8B6-0D7E7A80EF3E}.Debug|x64.Build.0 = Debug|x64
		{D4F756A1-8B96-4931-B8B6-0D7E7A80EF3E}.Debug|x86.ActiveCfg = Debug|Win32
		{D4F756A1-8B96-4931-B8B6-0D7E7A80EF3E}.Debug|x86.Build.0 = Debug|Win32
		{D4F756A1-8B96-4931-B8B6-0D7E7A80EF3E}.Release|ARM.ActiveCfg = Release|Win32
		{D4F756A1-8B96-4931-B8B6-0D7E7A80EF3E}.Release|ARM64.ActiveCfg = Release|Win32
		{D4F756A1-8B96-4931-B8B6-0D7E7A80EF3E}.Release|x64.ActiveCfg = Release|x64
		{D4F756A1-8B96-4931-B8B6-0D7E7A80EF3E}.Release|x64.Build.0 = Release|x64
		{D4F756A1-8B96-4931-B8B6-0D7E7A80EF3E}.Release|x86.ActiveCfg = Release|Win32
		{D4F756A1-8B96-4931-B8B6-0D7E7A80EF3E}.Release|x86.Build.0 = Release|Win32
		{B9877826-44E4-43EE-A655-896978D60BC0}.Debug|ARM.ActiveCfg = Debug|Win32
		{B9877826-44E4-43EE-A655-896978D60BC0}.Debug|ARM64.ActiveCfg = Debug|Win32
		{B9877826-44E4-43EE-A655-896978D60BC0}.Debug|x64.ActiveCfg = Debug|x64
		{B9877826-44E4-43EE-A655-896978D60BC0}.Debug|x64.Build.0 = Debug|x64
		{B9877826-44E4-43EE-A655-896978D60BC0}.Debug|x86.ActiveCfg = Debug|Win32
		{B9877826-44E4-43EE-A655-896978D60BC0}.Debug|x86.Build.0 = Debug|Win32
		{B9877826-44E4-43EE-A655-896978D60BC0}.Release|ARM.ActiveCfg = Release|Win32
		{B9877826-44E4-43EE-A655-896978D60BC0}.Release|ARM64.ActiveCfg = Release|Win32
		{B9877826-44E4-43EE-A655-896978D60BC0}.Release|x64.ActiveCfg = Release|x64
		{B9877826-44E4-43EE-A655-896978D60BC0}.Release|x64.Build.0 = Release|x64
		{B9877826-44E4-43EE-A655-896978D60BC0}.Release|x86.ActiveCfg = Release|Win32
		{B9877826-44E4-43EE-A655-896978D60BC0}.Release|x86.Build.0 = Release|Win32
		{DF4BC002-CEB8-4F91-B728-8DF2B6FC38ED}.Debug|ARM.ActiveCfg = Debug|Win32
		{DF4BC002-CEB8-4F91-B728-8DF2B6FC38ED}.Debug|ARM64.ActiveCfg = Debug|Win32
		{DF4BC002-CEB8-4F91-B728-8DF2B6FC38ED}.Debug|x64.ActiveCfg = Debug|x64
		{DF4BC002-CEB8-4F91-B728-8DF2B6FC38ED}.Debug|x64.Build.0 = Debug|x64
		{DF4BC002-CEB8-4F91-B728-8DF2B6FC38ED}.Debug|x86.ActiveCfg = Debug|Win32
		{DF4BC002-CEB8-4F91-B728-8DF2B6FC38ED}.Debug|x86.Build.0 = Debug|Win32
		{DF4BC002-CEB8-4F91-B728-8DF2B6FC38ED}.Release|ARM.ActiveCfg = Release|Win32
		{DF4BC002-CEB8-4F91-B728-8DF2B6FC38ED}.Release|ARM64.ActiveCfg = Release|Win32
		{DF4BC002-CEB8-4F91-B728-8DF2B6FC38ED}.Release|x64.ActiveCfg = Release|x64
		{DF4BC002-CEB8-4F91-B728-8DF2B6FC38ED}.Release|x64.Build.0 = Release|x64
		{DF4BC002-CEB8-4F91-B728-8DF2B6FC38ED}.Release|x86.ActiveCfg = Release|Win32
		{DF4BC002-CEB8-4F91-B728-8DF2B6FC38ED}.Release|x86.Build.0 = Release|Win32
	EndGlobalSection
	GlobalSection(SolutionProperties) = preSolution
		HideSolutionNode = FALSE
	EndGlobalSection
	GlobalSection(ExtensibilityGlobals) = postSolution
		SolutionGuid = {21D8493C-212E-40A9-BD8E-9F42A1D04C22}
	EndGlobalSection
EndGlobal
