
Microsoft Visual Studio Solution File, Format Version 12.00
# Visual Studio Version 16
VisualStudioVersion = 16.0.30517.126
MinimumVisualStudioVersion = 10.0.40219.1
Project("{8BC9CEB8-8B4A-11D0-8D11-00A0C91BC942}") = "VarDemo", "VarDemo\VarDemo.vcxproj", "{CD7BB930-48DA-4199-8FA1-829A42BA1B2C}"
EndProject
Project("{8BC9CEB8-8B4A-11D0-8D11-00A0C91BC942}") = "Using_an_operator", "Using_an_operator\Using_an_operator.vcxproj", "{5ECE2FBE-F9A8-4D82-A149-DDFFB7403B12}"
EndProject
Project("{8BC9CEB8-8B4A-11D0-8D11-00A0C91BC942}") = "Shorthand", "Shorthand\Shorthand.vcxproj", "{FB0F77A6-7C31-4DBC-AE43-21F89EBC4A35}"
EndProject
Project("{8BC9CEB8-8B4A-11D0-8D11-00A0C91BC942}") = "Plummy voice", "Plummy voice\Plummy voice.vcxproj", "{8181CE08-25D0-475B-B08F-BA3303867237}"
EndProject
Project("{8BC9CEB8-8B4A-11D0-8D11-00A0C91BC942}") = "Make no mistake", "Make no mistake\Make no mistake.vcxproj", "{CA45A483-900F-4F5B-8945-974793370DF9}"
EndProject
Project("{8BC9CEB8-8B4A-11D0-8D11-00A0C91BC942}") = "Reckless_(Carriage return-linefeed)", "Reckless\Reckless.vcxproj", "{FE05DF7F-FE1A-4CCF-9B28-8BFF0CB67384}"
EndProject
Project("{8BC9CEB8-8B4A-11D0-8D11-00A0C91BC942}") = "Project1-1 Converting Feet to Meters", "Project1-1 Converting Feet to Meters\Project1-1 Converting Feet to Meters.vcxproj", "{AF58C09C-CBE2-4844-B222-469E986720F9}"
EndProject
Project("{8BC9CEB8-8B4A-11D0-8D11-00A0C91BC942}") = "Demonstrate the IF", "Demonstrate the IF\Demonstrate the IF.vcxproj", "{F75330F2-824A-4163-8376-40179A06FDC0}"
EndProject
Project("{8BC9CEB8-8B4A-11D0-8D11-00A0C91BC942}") = "Greed", "Greed\Greed.vcxproj", "{9BE694FC-C6EA-4037-9588-3660CC945B11}"
EndProject
Project("{8BC9CEB8-8B4A-11D0-8D11-00A0C91BC942}") = "The upper hand", "The upper hand\The upper hand.vcxproj", "{0432AC7E-A615-467C-95C2-CEC1EBC9BD4E}"
EndProject
Project("{8BC9CEB8-8B4A-11D0-8D11-00A0C91BC942}") = "Benchmark_circuit", "Benchmark_circuit\Benchmark_circuit.vcxproj", "{3F79EBD2-D167-4E82-930E-D2BAB2CFB3DE}"
EndProject
Project("{8BC9CEB8-8B4A-11D0-8D11-00A0C91BC942}") = "Benchmark_circuit2", "Benchmark_circuit2\Benchmark_circuit2.vcxproj", "{C054D039-FD45-4CEF-AEBC-A92175F237C8}"
EndProject
Project("{8BC9CEB8-8B4A-11D0-8D11-00A0C91BC942}") = "Benchmark_circuit3", "Benchmark_circuit3\Benchmark_circuit3.vcxproj", "{A6239DC3-D1CD-4FD7-9A1B-62476697A723}"
EndProject
Project("{8BC9CEB8-8B4A-11D0-8D11-00A0C91BC942}") = "Benchmark_circuit4", "Benchmark_circuit4\Benchmark_circuit4.vcxproj", "{88CFA61A-671D-44D6-9B3D-81E8F241311B}"
EndProject
Project("{8BC9CEB8-8B4A-11D0-8D11-00A0C91BC942}") = "Write_to_file", "Write_to_file\Write_to_file.vcxproj", "{72AB599D-EDCF-4BCF-83D0-1576D2691BEC}"
EndProject
Project("{8BC9CEB8-8B4A-11D0-8D11-00A0C91BC942}") = "Read_from_file", "Read_from_file\Read_from_file.vcxproj", "{A3EA38F4-67ED-4273-B90E-A65FC69498D4}"
EndProject
Project("{8BC9CEB8-8B4A-11D0-8D11-00A0C91BC942}") = "Display_a_file_using_get()", "Display_a_file_using_get()\Display_a_file_using_get().vcxproj", "{697A2E10-E842-41D3-AF83-BD620610F601}"
EndProject
Project("{8BC9CEB8-8B4A-11D0-8D11-00A0C91BC942}") = "Reading_a_text_file", "Reading_a_text_file\Reading_a_text_file.vcxproj", "{D71C956A-033B-4580-988A-D8471B914D05}"
EndProject
Project("{8BC9CEB8-8B4A-11D0-8D11-00A0C91BC942}") = "Feet to Meter Conversions", "Feet to Meter Conversions\Feet to Meter Conversions.vcxproj", "{E0C79671-33ED-4E9A-94A6-A45B2C9C8DA9}"
EndProject
Project("{8BC9CEB8-8B4A-11D0-8D11-00A0C91BC942}") = "Absolute_Value_Function", "Absolute_Value_Function\Absolute_Value_Function.vcxproj", "{57E077AA-90A8-4CBA-910E-37ADF0E86B94}"
EndProject
Project("{8BC9CEB8-8B4A-11D0-8D11-00A0C91BC942}") = "The difference between signed and unsigned integers", "The difference between signed and unsigned integers\The difference between signed and unsigned integers.vcxproj", "{2CFDF0BA-16A8-47EF-B64F-018D03EC4A7D}"
EndProject
Project("{8BC9CEB8-8B4A-11D0-8D11-00A0C91BC942}") = "Alphabet", "Alphabet\Alphabet.vcxproj", "{575FD39F-4654-4AC3-A25C-20BF0F35A73D}"
EndProject
Global
	GlobalSection(SolutionConfigurationPlatforms) = preSolution
		Debug|ARM = Debug|ARM
		Debug|ARM64 = Debug|ARM64
		Debug|x64 = Debug|x64
		Debug|x86 = Debug|x86
		Release|ARM = Release|ARM
		Release|ARM64 = Release|ARM64
		Release|x64 = Release|x64
		Release|x86 = Release|x86
	EndGlobalSection
	GlobalSection(ProjectConfigurationPlatforms) = postSolution
		{CD7BB930-48DA-4199-8FA1-829A42BA1B2C}.Debug|ARM.ActiveCfg = Debug|Win32
		{CD7BB930-48DA-4199-8FA1-829A42BA1B2C}.Debug|ARM64.ActiveCfg = Debug|Win32
		{CD7BB930-48DA-4199-8FA1-829A42BA1B2C}.Debug|x64.ActiveCfg = Debug|x64
		{CD7BB930-48DA-4199-8FA1-829A42BA1B2C}.Debug|x64.Build.0 = Debug|x64
		{CD7BB930-48DA-4199-8FA1-829A42BA1B2C}.Debug|x86.ActiveCfg = Debug|Win32
		{CD7BB930-48DA-4199-8FA1-829A42BA1B2C}.Debug|x86.Build.0 = Debug|Win32
		{CD7BB930-48DA-4199-8FA1-829A42BA1B2C}.Release|ARM.ActiveCfg = Release|Win32
		{CD7BB930-48DA-4199-8FA1-829A42BA1B2C}.Release|ARM64.ActiveCfg = Release|Win32
		{CD7BB930-48DA-4199-8FA1-829A42BA1B2C}.Release|x64.ActiveCfg = Release|x64
		{CD7BB930-48DA-4199-8FA1-829A42BA1B2C}.Release|x64.Build.0 = Release|x64
		{CD7BB930-48DA-4199-8FA1-829A42BA1B2C}.Release|x86.ActiveCfg = Release|Win32
		{CD7BB930-48DA-4199-8FA1-829A42BA1B2C}.Release|x86.Build.0 = Release|Win32
		{5ECE2FBE-F9A8-4D82-A149-DDFFB7403B12}.Debug|ARM.ActiveCfg = Debug|Win32
		{5ECE2FBE-F9A8-4D82-A149-DDFFB7403B12}.Debug|ARM64.ActiveCfg = Debug|Win32
		{5ECE2FBE-F9A8-4D82-A149-DDFFB7403B12}.Debug|x64.ActiveCfg = Debug|x64
		{5ECE2FBE-F9A8-4D82-A149-DDFFB7403B12}.Debug|x64.Build.0 = Debug|x64
		{5ECE2FBE-F9A8-4D82-A149-DDFFB7403B12}.Debug|x86.ActiveCfg = Debug|Win32
		{5ECE2FBE-F9A8-4D82-A149-DDFFB7403B12}.Debug|x86.Build.0 = Debug|Win32
		{5ECE2FBE-F9A8-4D82-A149-DDFFB7403B12}.Release|ARM.ActiveCfg = Release|Win32
		{5ECE2FBE-F9A8-4D82-A149-DDFFB7403B12}.Release|ARM64.ActiveCfg = Release|Win32
		{5ECE2FBE-F9A8-4D82-A149-DDFFB7403B12}.Release|x64.ActiveCfg = Release|x64
		{5ECE2FBE-F9A8-4D82-A149-DDFFB7403B12}.Release|x64.Build.0 = Release|x64
		{5ECE2FBE-F9A8-4D82-A149-DDFFB7403B12}.Release|x86.ActiveCfg = Release|Win32
		{5ECE2FBE-F9A8-4D82-A149-DDFFB7403B12}.Release|x86.Build.0 = Release|Win32
		{FB0F77A6-7C31-4DBC-AE43-21F89EBC4A35}.Debug|ARM.ActiveCfg = Debug|Win32
		{FB0F77A6-7C31-4DBC-AE43-21F89EBC4A35}.Debug|ARM64.ActiveCfg = Debug|Win32
		{FB0F77A6-7C31-4DBC-AE43-21F89EBC4A35}.Debug|x64.ActiveCfg = Debug|x64
		{FB0F77A6-7C31-4DBC-AE43-21F89EBC4A35}.Debug|x64.Build.0 = Debug|x64
		{FB0F77A6-7C31-4DBC-AE43-21F89EBC4A35}.Debug|x86.ActiveCfg = Debug|Win32
		{FB0F77A6-7C31-4DBC-AE43-21F89EBC4A35}.Debug|x86.Build.0 = Debug|Win32
		{FB0F77A6-7C31-4DBC-AE43-21F89EBC4A35}.Release|ARM.ActiveCfg = Release|Win32
		{FB0F77A6-7C31-4DBC-AE43-21F89EBC4A35}.Release|ARM64.ActiveCfg = Release|Win32
		{FB0F77A6-7C31-4DBC-AE43-21F89EBC4A35}.Release|x64.ActiveCfg = Release|x64
		{FB0F77A6-7C31-4DBC-AE43-21F89EBC4A35}.Release|x64.Build.0 = Release|x64
		{FB0F77A6-7C31-4DBC-AE43-21F89EBC4A35}.Release|x86.ActiveCfg = Release|Win32
		{FB0F77A6-7C31-4DBC-AE43-21F89EBC4A35}.Release|x86.Build.0 = Release|Win32
		{8181CE08-25D0-475B-B08F-BA3303867237}.Debug|ARM.ActiveCfg = Debug|Win32
		{8181CE08-25D0-475B-B08F-BA3303867237}.Debug|ARM64.ActiveCfg = Debug|Win32
		{8181CE08-25D0-475B-B08F-BA3303867237}.Debug|x64.ActiveCfg = Debug|x64
		{8181CE08-25D0-475B-B08F-BA3303867237}.Debug|x64.Build.0 = Debug|x64
		{8181CE08-25D0-475B-B08F-BA3303867237}.Debug|x86.ActiveCfg = Debug|Win32
		{8181CE08-25D0-475B-B08F-BA3303867237}.Debug|x86.Build.0 = Debug|Win32
		{8181CE08-25D0-475B-B08F-BA3303867237}.Release|ARM.ActiveCfg = Release|Win32
		{8181CE08-25D0-475B-B08F-BA3303867237}.Release|ARM64.ActiveCfg = Release|Win32
		{8181CE08-25D0-475B-B08F-BA3303867237}.Release|x64.ActiveCfg = Release|x64
		{8181CE08-25D0-475B-B08F-BA3303867237}.Release|x64.Build.0 = Release|x64
		{8181CE08-25D0-475B-B08F-BA3303867237}.Release|x86.ActiveCfg = Release|Win32
		{8181CE08-25D0-475B-B08F-BA3303867237}.Release|x86.Build.0 = Release|Win32
		{CA45A483-900F-4F5B-8945-974793370DF9}.Debug|ARM.ActiveCfg = Debug|Win32
		{CA45A483-900F-4F5B-8945-974793370DF9}.Debug|ARM64.ActiveCfg = Debug|Win32
		{CA45A483-900F-4F5B-8945-974793370DF9}.Debug|x64.ActiveCfg = Debug|x64
		{CA45A483-900F-4F5B-8945-974793370DF9}.Debug|x64.Build.0 = Debug|x64
		{CA45A483-900F-4F5B-8945-974793370DF9}.Debug|x86.ActiveCfg = Debug|Win32
		{CA45A483-900F-4F5B-8945-974793370DF9}.Debug|x86.Build.0 = Debug|Win32
		{CA45A483-900F-4F5B-8945-974793370DF9}.Release|ARM.ActiveCfg = Release|Win32
		{CA45A483-900F-4F5B-8945-974793370DF9}.Release|ARM64.ActiveCfg = Release|Win32
		{CA45A483-900F-4F5B-8945-974793370DF9}.Release|x64.ActiveCfg = Release|x64
		{CA45A483-900F-4F5B-8945-974793370DF9}.Release|x64.Build.0 = Release|x64
		{CA45A483-900F-4F5B-8945-974793370DF9}.Release|x86.ActiveCfg = Release|Win32
		{CA45A483-900F-4F5B-8945-974793370DF9}.Release|x86.Build.0 = Release|Win32
		{FE05DF7F-FE1A-4CCF-9B28-8BFF0CB67384}.Debug|ARM.ActiveCfg = Debug|Win32
		{FE05DF7F-FE1A-4CCF-9B28-8BFF0CB67384}.Debug|ARM64.ActiveCfg = Debug|Win32
		{FE05DF7F-FE1A-4CCF-9B28-8BFF0CB67384}.Debug|x64.ActiveCfg = Debug|x64
		{FE05DF7F-FE1A-4CCF-9B28-8BFF0CB67384}.Debug|x64.Build.0 = Debug|x64
		{FE05DF7F-FE1A-4CCF-9B28-8BFF0CB67384}.Debug|x86.ActiveCfg = Debug|Win32
		{FE05DF7F-FE1A-4CCF-9B28-8BFF0CB67384}.Debug|x86.Build.0 = Debug|Win32
		{FE05DF7F-FE1A-4CCF-9B28-8BFF0CB67384}.Release|ARM.ActiveCfg = Release|Win32
		{FE05DF7F-FE1A-4CCF-9B28-8BFF0CB67384}.Release|ARM64.ActiveCfg = Release|Win32
		{FE05DF7F-FE1A-4CCF-9B28-8BFF0CB67384}.Release|x64.ActiveCfg = Release|x64
		{FE05DF7F-FE1A-4CCF-9B28-8BFF0CB67384}.Release|x64.Build.0 = Release|x64
		{FE05DF7F-FE1A-4CCF-9B28-8BFF0CB67384}.Release|x86.ActiveCfg = Release|Win32
		{FE05DF7F-FE1A-4CCF-9B28-8BFF0CB67384}.Release|x86.Build.0 = Release|Win32
		{AF58C09C-CBE2-4844-B222-469E986720F9}.Debug|ARM.ActiveCfg = Debug|Win32
		{AF58C09C-CBE2-4844-B222-469E986720F9}.Debug|ARM64.ActiveCfg = Debug|Win32
		{AF58C09C-CBE2-4844-B222-469E986720F9}.Debug|x64.ActiveCfg = Debug|x64
		{AF58C09C-CBE2-4844-B222-469E986720F9}.Debug|x64.Build.0 = Debug|x64
		{AF58C09C-CBE2-4844-B222-469E986720F9}.Debug|x86.ActiveCfg = Debug|Win32
		{AF58C09C-CBE2-4844-B222-469E986720F9}.Debug|x86.Build.0 = Debug|Win32
		{AF58C09C-CBE2-4844-B222-469E986720F9}.Release|ARM.ActiveCfg = Release|Win32
		{AF58C09C-CBE2-4844-B222-469E986720F9}.Release|ARM64.ActiveCfg = Release|Win32
		{AF58C09C-CBE2-4844-B222-469E986720F9}.Release|x64.ActiveCfg = Release|x64
		{AF58C09C-CBE2-4844-B222-469E986720F9}.Release|x64.Build.0 = Release|x64
		{AF58C09C-CBE2-4844-B222-469E986720F9}.Release|x86.ActiveCfg = Release|Win32
		{AF58C09C-CBE2-4844-B222-469E986720F9}.Release|x86.Build.0 = Release|Win32
		{F75330F2-824A-4163-8376-40179A06FDC0}.Debug|ARM.ActiveCfg = Debug|Win32
		{F75330F2-824A-4163-8376-40179A06FDC0}.Debug|ARM64.ActiveCfg = Debug|Win32
		{F75330F2-824A-4163-8376-40179A06FDC0}.Debug|x64.ActiveCfg = Debug|x64
		{F75330F2-824A-4163-8376-40179A06FDC0}.Debug|x64.Build.0 = Debug|x64
		{F75330F2-824A-4163-8376-40179A06FDC0}.Debug|x86.ActiveCfg = Debug|Win32
		{F75330F2-824A-4163-8376-40179A06FDC0}.Debug|x86.Build.0 = Debug|Win32
		{F75330F2-824A-4163-8376-40179A06FDC0}.Release|ARM.ActiveCfg = Release|Win32
		{F75330F2-824A-4163-8376-40179A06FDC0}.Release|ARM64.ActiveCfg = Release|Win32
		{F75330F2-824A-4163-8376-40179A06FDC0}.Release|x64.ActiveCfg = Release|x64
		{F75330F2-824A-4163-8376-40179A06FDC0}.Release|x64.Build.0 = Release|x64
		{F75330F2-824A-4163-8376-40179A06FDC0}.Release|x86.ActiveCfg = Release|Win32
		{F75330F2-824A-4163-8376-40179A06FDC0}.Release|x86.Build.0 = Release|Win32
		{9BE694FC-C6EA-4037-9588-3660CC945B11}.Debug|ARM.ActiveCfg = Debug|Win32
		{9BE694FC-C6EA-4037-9588-3660CC945B11}.Debug|ARM64.ActiveCfg = Debug|Win32
		{9BE694FC-C6EA-4037-9588-3660CC945B11}.Debug|x64.ActiveCfg = Debug|x64
		{9BE694FC-C6EA-4037-9588-3660CC945B11}.Debug|x64.Build.0 = Debug|x64
		{9BE694FC-C6EA-4037-9588-3660CC945B11}.Debug|x86.ActiveCfg = Debug|Win32
		{9BE694FC-C6EA-4037-9588-3660CC945B11}.Debug|x86.Build.0 = Debug|Win32
		{9BE694FC-C6EA-4037-9588-3660CC945B11}.Release|ARM.ActiveCfg = Release|Win32
		{9BE694FC-C6EA-4037-9588-3660CC945B11}.Release|ARM64.ActiveCfg = Release|Win32
		{9BE694FC-C6EA-4037-9588-3660CC945B11}.Release|x64.ActiveCfg = Release|x64
		{9BE694FC-C6EA-4037-9588-3660CC945B11}.Release|x64.Build.0 = Release|x64
		{9BE694FC-C6EA-4037-9588-3660CC945B11}.Release|x86.ActiveCfg = Release|Win32
		{9BE694FC-C6EA-4037-9588-3660CC945B11}.Release|x86.Build.0 = Release|Win32
		{0432AC7E-A615-467C-95C2-CEC1EBC9BD4E}.Debug|ARM.ActiveCfg = Debug|Win32
		{0432AC7E-A615-467C-95C2-CEC1EBC9BD4E}.Debug|ARM64.ActiveCfg = Debug|Win32
		{0432AC7E-A615-467C-95C2-CEC1EBC9BD4E}.Debug|x64.ActiveCfg = Debug|x64
		{0432AC7E-A615-467C-95C2-CEC1EBC9BD4E}.Debug|x64.Build.0 = Debug|x64
		{0432AC7E-A615-467C-95C2-CEC1EBC9BD4E}.Debug|x86.ActiveCfg = Debug|Win32
		{0432AC7E-A615-467C-95C2-CEC1EBC9BD4E}.Debug|x86.Build.0 = Debug|Win32
		{0432AC7E-A615-467C-95C2-CEC1EBC9BD4E}.Release|ARM.ActiveCfg = Release|Win32
		{0432AC7E-A615-467C-95C2-CEC1EBC9BD4E}.Release|ARM64.ActiveCfg = Release|Win32
		{0432AC7E-A615-467C-95C2-CEC1EBC9BD4E}.Release|x64.ActiveCfg = Release|x64
		{0432AC7E-A615-467C-95C2-CEC1EBC9BD4E}.Release|x64.Build.0 = Release|x64
		{0432AC7E-A615-467C-95C2-CEC1EBC9BD4E}.Release|x86.ActiveCfg = Release|Win32
		{0432AC7E-A615-467C-95C2-CEC1EBC9BD4E}.Release|x86.Build.0 = Release|Win32
		{3F79EBD2-D167-4E82-930E-D2BAB2CFB3DE}.Debug|ARM.ActiveCfg = Debug|Win32
		{3F79EBD2-D167-4E82-930E-D2BAB2CFB3DE}.Debug|ARM64.ActiveCfg = Debug|Win32
		{3F79EBD2-D167-4E82-930E-D2BAB2CFB3DE}.Debug|x64.ActiveCfg = Debug|x64
		{3F79EBD2-D167-4E82-930E-D2BAB2CFB3DE}.Debug|x64.Build.0 = Debug|x64
		{3F79EBD2-D167-4E82-930E-D2BAB2CFB3DE}.Debug|x86.ActiveCfg = Debug|Win32
		{3F79EBD2-D167-4E82-930E-D2BAB2CFB3DE}.Debug|x86.Build.0 = Debug|Win32
		{3F79EBD2-D167-4E82-930E-D2BAB2CFB3DE}.Release|ARM.ActiveCfg = Release|Win32
		{3F79EBD2-D167-4E82-930E-D2BAB2CFB3DE}.Release|ARM64.ActiveCfg = Release|Win32
		{3F79EBD2-D167-4E82-930E-D2BAB2CFB3DE}.Release|x64.ActiveCfg = Release|x64
		{3F79EBD2-D167-4E82-930E-D2BAB2CFB3DE}.Release|x64.Build.0 = Release|x64
		{3F79EBD2-D167-4E82-930E-D2BAB2CFB3DE}.Release|x86.ActiveCfg = Release|Win32
		{3F79EBD2-D167-4E82-930E-D2BAB2CFB3DE}.Release|x86.Build.0 = Release|Win32
		{C054D039-FD45-4CEF-AEBC-A92175F237C8}.Debug|ARM.ActiveCfg = Debug|Win32
		{C054D039-FD45-4CEF-AEBC-A92175F237C8}.Debug|ARM64.ActiveCfg = Debug|Win32
		{C054D039-FD45-4CEF-AEBC-A92175F237C8}.Debug|x64.ActiveCfg = Debug|x64
		{C054D039-FD45-4CEF-AEBC-A92175F237C8}.Debug|x64.Build.0 = Debug|x64
		{C054D039-FD45-4CEF-AEBC-A92175F237C8}.Debug|x86.ActiveCfg = Debug|Win32
		{C054D039-FD45-4CEF-AEBC-A92175F237C8}.Debug|x86.Build.0 = Debug|Win32
		{C054D039-FD45-4CEF-AEBC-A92175F237C8}.Release|ARM.ActiveCfg = Release|Win32
		{C054D039-FD45-4CEF-AEBC-A92175F237C8}.Release|ARM64.ActiveCfg = Release|Win32
		{C054D039-FD45-4CEF-AEBC-A92175F237C8}.Release|x64.ActiveCfg = Release|x64
		{C054D039-FD45-4CEF-AEBC-A92175F237C8}.Release|x64.Build.0 = Release|x64
		{C054D039-FD45-4CEF-AEBC-A92175F237C8}.Release|x86.ActiveCfg = Release|Win32
		{C054D039-FD45-4CEF-AEBC-A92175F237C8}.Release|x86.Build.0 = Release|Win32
		{A6239DC3-D1CD-4FD7-9A1B-62476697A723}.Debug|ARM.ActiveCfg = Debug|ARM
		{A6239DC3-D1CD-4FD7-9A1B-62476697A723}.Debug|ARM.Build.0 = Debug|ARM
		{A6239DC3-D1CD-4FD7-9A1B-62476697A723}.Debug|ARM.Deploy.0 = Debug|ARM
		{A6239DC3-D1CD-4FD7-9A1B-62476697A723}.Debug|ARM64.ActiveCfg = Debug|ARM64
		{A6239DC3-D1CD-4FD7-9A1B-62476697A723}.Debug|ARM64.Build.0 = Debug|ARM64
		{A6239DC3-D1CD-4FD7-9A1B-62476697A723}.Debug|ARM64.Deploy.0 = Debug|ARM64
		{A6239DC3-D1CD-4FD7-9A1B-62476697A723}.Debug|x64.ActiveCfg = Debug|x64
		{A6239DC3-D1CD-4FD7-9A1B-62476697A723}.Debug|x64.Build.0 = Debug|x64
		{A6239DC3-D1CD-4FD7-9A1B-62476697A723}.Debug|x64.Deploy.0 = Debug|x64
		{A6239DC3-D1CD-4FD7-9A1B-62476697A723}.Debug|x86.ActiveCfg = Debug|x86
		{A6239DC3-D1CD-4FD7-9A1B-62476697A723}.Debug|x86.Build.0 = Debug|x86
		{A6239DC3-D1CD-4FD7-9A1B-62476697A723}.Debug|x86.Deploy.0 = Debug|x86
		{A6239DC3-D1CD-4FD7-9A1B-62476697A723}.Release|ARM.ActiveCfg = Release|ARM
		{A6239DC3-D1CD-4FD7-9A1B-62476697A723}.Release|ARM.Build.0 = Release|ARM
		{A6239DC3-D1CD-4FD7-9A1B-62476697A723}.Release|ARM.Deploy.0 = Release|ARM
		{A6239DC3-D1CD-4FD7-9A1B-62476697A723}.Release|ARM64.ActiveCfg = Release|ARM64
		{A6239DC3-D1CD-4FD7-9A1B-62476697A723}.Release|ARM64.Build.0 = Release|ARM64
		{A6239DC3-D1CD-4FD7-9A1B-62476697A723}.Release|ARM64.Deploy.0 = Release|ARM64
		{A6239DC3-D1CD-4FD7-9A1B-62476697A723}.Release|x64.ActiveCfg = Release|x64
		{A6239DC3-D1CD-4FD7-9A1B-62476697A723}.Release|x64.Build.0 = Release|x64
		{A6239DC3-D1CD-4FD7-9A1B-62476697A723}.Release|x64.Deploy.0 = Release|x64
		{A6239DC3-D1CD-4FD7-9A1B-62476697A723}.Release|x86.ActiveCfg = Release|x86
		{A6239DC3-D1CD-4FD7-9A1B-62476697A723}.Release|x86.Build.0 = Release|x86
		{A6239DC3-D1CD-4FD7-9A1B-62476697A723}.Release|x86.Deploy.0 = Release|x86
		{88CFA61A-671D-44D6-9B3D-81E8F241311B}.Debug|ARM.ActiveCfg = Debug|Win32
		{88CFA61A-671D-44D6-9B3D-81E8F241311B}.Debug|ARM64.ActiveCfg = Debug|Win32
		{88CFA61A-671D-44D6-9B3D-81E8F241311B}.Debug|x64.ActiveCfg = Debug|x64
		{88CFA61A-671D-44D6-9B3D-81E8F241311B}.Debug|x64.Build.0 = Debug|x64
		{88CFA61A-671D-44D6-9B3D-81E8F241311B}.Debug|x86.ActiveCfg = Debug|Win32
		{88CFA61A-671D-44D6-9B3D-81E8F241311B}.Debug|x86.Build.0 = Debug|Win32
		{88CFA61A-671D-44D6-9B3D-81E8F241311B}.Release|ARM.ActiveCfg = Release|Win32
		{88CFA61A-671D-44D6-9B3D-81E8F241311B}.Release|ARM64.ActiveCfg = Release|Win32
		{88CFA61A-671D-44D6-9B3D-81E8F241311B}.Release|x64.ActiveCfg = Release|x64
		{88CFA61A-671D-44D6-9B3D-81E8F241311B}.Release|x64.Build.0 = Release|x64
		{88CFA61A-671D-44D6-9B3D-81E8F241311B}.Release|x86.ActiveCfg = Release|Win32
		{88CFA61A-671D-44D6-9B3D-81E8F241311B}.Release|x86.Build.0 = Release|Win32
		{72AB599D-EDCF-4BCF-83D0-1576D2691BEC}.Debug|ARM.ActiveCfg = Debug|Win32
		{72AB599D-EDCF-4BCF-83D0-1576D2691BEC}.Debug|ARM64.ActiveCfg = Debug|Win32
		{72AB599D-EDCF-4BCF-83D0-1576D2691BEC}.Debug|x64.ActiveCfg = Debug|x64
		{72AB599D-EDCF-4BCF-83D0-1576D2691BEC}.Debug|x64.Build.0 = Debug|x64
		{72AB599D-EDCF-4BCF-83D0-1576D2691BEC}.Debug|x86.ActiveCfg = Debug|Win32
		{72AB599D-EDCF-4BCF-83D0-1576D2691BEC}.Debug|x86.Build.0 = Debug|Win32
		{72AB599D-EDCF-4BCF-83D0-1576D2691BEC}.Release|ARM.ActiveCfg = Release|Win32
		{72AB599D-EDCF-4BCF-83D0-1576D2691BEC}.Release|ARM64.ActiveCfg = Release|Win32
		{72AB599D-EDCF-4BCF-83D0-1576D2691BEC}.Release|x64.ActiveCfg = Release|x64
		{72AB599D-EDCF-4BCF-83D0-1576D2691BEC}.Release|x64.Build.0 = Release|x64
		{72AB599D-EDCF-4BCF-83D0-1576D2691BEC}.Release|x86.ActiveCfg = Release|Win32
		{72AB599D-EDCF-4BCF-83D0-1576D2691BEC}.Release|x86.Build.0 = Release|Win32
		{A3EA38F4-67ED-4273-B90E-A65FC69498D4}.Debug|ARM.ActiveCfg = Debug|Win32
		{A3EA38F4-67ED-4273-B90E-A65FC69498D4}.Debug|ARM64.ActiveCfg = Debug|Win32
		{A3EA38F4-67ED-4273-B90E-A65FC69498D4}.Debug|x64.ActiveCfg = Debug|x64
		{A3EA38F4-67ED-4273-B90E-A65FC69498D4}.Debug|x64.Build.0 = Debug|x64
		{A3EA38F4-67ED-4273-B90E-A65FC69498D4}.Debug|x86.ActiveCfg = Debug|Win32
		{A3EA38F4-67ED-4273-B90E-A65FC69498D4}.Debug|x86.Build.0 = Debug|Win32
		{A3EA38F4-67ED-4273-B90E-A65FC69498D4}.Release|ARM.ActiveCfg = Release|Win32
		{A3EA38F4-67ED-4273-B90E-A65FC69498D4}.Release|ARM64.ActiveCfg = Release|Win32
		{A3EA38F4-67ED-4273-B90E-A65FC69498D4}.Release|x64.ActiveCfg = Release|x64
		{A3EA38F4-67ED-4273-B90E-A65FC69498D4}.Release|x64.Build.0 = Release|x64
		{A3EA38F4-67ED-4273-B90E-A65FC69498D4}.Release|x86.ActiveCfg = Release|Win32
		{A3EA38F4-67ED-4273-B90E-A65FC69498D4}.Release|x86.Build.0 = Release|Win32
		{697A2E10-E842-41D3-AF83-BD620610F601}.Debug|ARM.ActiveCfg = Debug|Win32
		{697A2E10-E842-41D3-AF83-BD620610F601}.Debug|ARM64.ActiveCfg = Debug|Win32
		{697A2E10-E842-41D3-AF83-BD620610F601}.Debug|x64.ActiveCfg = Debug|x64
		{697A2E10-E842-41D3-AF83-BD620610F601}.Debug|x64.Build.0 = Debug|x64
		{697A2E10-E842-41D3-AF83-BD620610F601}.Debug|x86.ActiveCfg = Debug|Win32
		{697A2E10-E842-41D3-AF83-BD620610F601}.Debug|x86.Build.0 = Debug|Win32
		{697A2E10-E842-41D3-AF83-BD620610F601}.Release|ARM.ActiveCfg = Release|Win32
		{697A2E10-E842-41D3-AF83-BD620610F601}.Release|ARM64.ActiveCfg = Release|Win32
		{697A2E10-E842-41D3-AF83-BD620610F601}.Release|x64.ActiveCfg = Release|x64
		{697A2E10-E842-41D3-AF83-BD620610F601}.Release|x64.Build.0 = Release|x64
		{697A2E10-E842-41D3-AF83-BD620610F601}.Release|x86.ActiveCfg = Release|Win32
		{697A2E10-E842-41D3-AF83-BD620610F601}.Release|x86.Build.0 = Release|Win32
		{D71C956A-033B-4580-988A-D8471B914D05}.Debug|ARM.ActiveCfg = Debug|Win32
		{D71C956A-033B-4580-988A-D8471B914D05}.Debug|ARM64.ActiveCfg = Debug|Win32
		{D71C956A-033B-4580-988A-D8471B914D05}.Debug|x64.ActiveCfg = Debug|x64
		{D71C956A-033B-4580-988A-D8471B914D05}.Debug|x64.Build.0 = Debug|x64
		{D71C956A-033B-4580-988A-D8471B914D05}.Debug|x86.ActiveCfg = Debug|Win32
		{D71C956A-033B-4580-988A-D8471B914D05}.Debug|x86.Build.0 = Debug|Win32
		{D71C956A-033B-4580-988A-D8471B914D05}.Release|ARM.ActiveCfg = Release|Win32
		{D71C956A-033B-4580-988A-D8471B914D05}.Release|ARM64.ActiveCfg = Release|Win32
		{D71C956A-033B-4580-988A-D8471B914D05}.Release|x64.ActiveCfg = Release|x64
		{D71C956A-033B-4580-988A-D8471B914D05}.Release|x64.Build.0 = Release|x64
		{D71C956A-033B-4580-988A-D8471B914D05}.Release|x86.ActiveCfg = Release|Win32
		{D71C956A-033B-4580-988A-D8471B914D05}.Release|x86.Build.0 = Release|Win32
		{E0C79671-33ED-4E9A-94A6-A45B2C9C8DA9}.Debug|ARM.ActiveCfg = Debug|Win32
		{E0C79671-33ED-4E9A-94A6-A45B2C9C8DA9}.Debug|ARM64.ActiveCfg = Debug|Win32
		{E0C79671-33ED-4E9A-94A6-A45B2C9C8DA9}.Debug|x64.ActiveCfg = Debug|x64
		{E0C79671-33ED-4E9A-94A6-A45B2C9C8DA9}.Debug|x64.Build.0 = Debug|x64
		{E0C79671-33ED-4E9A-94A6-A45B2C9C8DA9}.Debug|x86.ActiveCfg = Debug|Win32
		{E0C79671-33ED-4E9A-94A6-A45B2C9C8DA9}.Debug|x86.Build.0 = Debug|Win32
		{E0C79671-33ED-4E9A-94A6-A45B2C9C8DA9}.Release|ARM.ActiveCfg = Release|Win32
		{E0C79671-33ED-4E9A-94A6-A45B2C9C8DA9}.Release|ARM64.ActiveCfg = Release|Win32
		{E0C79671-33ED-4E9A-94A6-A45B2C9C8DA9}.Release|x64.ActiveCfg = Release|x64
		{E0C79671-33ED-4E9A-94A6-A45B2C9C8DA9}.Release|x64.Build.0 = Release|x64
		{E0C79671-33ED-4E9A-94A6-A45B2C9C8DA9}.Release|x86.ActiveCfg = Release|Win32
		{E0C79671-33ED-4E9A-94A6-A45B2C9C8DA9}.Release|x86.Build.0 = Release|Win32
		{57E077AA-90A8-4CBA-910E-37ADF0E86B94}.Debug|ARM.ActiveCfg = Debug|Win32
		{57E077AA-90A8-4CBA-910E-37ADF0E86B94}.Debug|ARM64.ActiveCfg = Debug|Win32
		{57E077AA-90A8-4CBA-910E-37ADF0E86B94}.Debug|x64.ActiveCfg = Debug|x64
		{57E077AA-90A8-4CBA-910E-37ADF0E86B94}.Debug|x64.Build.0 = Debug|x64
		{57E077AA-90A8-4CBA-910E-37ADF0E86B94}.Debug|x86.ActiveCfg = Debug|Win32
		{57E077AA-90A8-4CBA-910E-37ADF0E86B94}.Debug|x86.Build.0 = Debug|Win32
		{57E077AA-90A8-4CBA-910E-37ADF0E86B94}.Release|ARM.ActiveCfg = Release|Win32
		{57E077AA-90A8-4CBA-910E-37ADF0E86B94}.Release|ARM64.ActiveCfg = Release|Win32
		{57E077AA-90A8-4CBA-910E-37ADF0E86B94}.Release|x64.ActiveCfg = Release|x64
		{57E077AA-90A8-4CBA-910E-37ADF0E86B94}.Release|x64.Build.0 = Release|x64
		{57E077AA-90A8-4CBA-910E-37ADF0E86B94}.Release|x86.ActiveCfg = Release|Win32
		{57E077AA-90A8-4CBA-910E-37ADF0E86B94}.Release|x86.Build.0 = Release|Win32
		{2CFDF0BA-16A8-47EF-B64F-018D03EC4A7D}.Debug|ARM.ActiveCfg = Debug|Win32
		{2CFDF0BA-16A8-47EF-B64F-018D03EC4A7D}.Debug|ARM64.ActiveCfg = Debug|Win32
		{2CFDF0BA-16A8-47EF-B64F-018D03EC4A7D}.Debug|x64.ActiveCfg = Debug|x64
		{2CFDF0BA-16A8-47EF-B64F-018D03EC4A7D}.Debug|x64.Build.0 = Debug|x64
		{2CFDF0BA-16A8-47EF-B64F-018D03EC4A7D}.Debug|x86.ActiveCfg = Debug|Win32
		{2CFDF0BA-16A8-47EF-B64F-018D03EC4A7D}.Debug|x86.Build.0 = Debug|Win32
		{2CFDF0BA-16A8-47EF-B64F-018D03EC4A7D}.Release|ARM.ActiveCfg = Release|Win32
		{2CFDF0BA-16A8-47EF-B64F-018D03EC4A7D}.Release|ARM64.ActiveCfg = Release|Win32
		{2CFDF0BA-16A8-47EF-B64F-018D03EC4A7D}.Release|x64.ActiveCfg = Release|x64
		{2CFDF0BA-16A8-47EF-B64F-018D03EC4A7D}.Release|x64.Build.0 = Release|x64
		{2CFDF0BA-16A8-47EF-B64F-018D03EC4A7D}.Release|x86.ActiveCfg = Release|Win32
		{2CFDF0BA-16A8-47EF-B64F-018D03EC4A7D}.Release|x86.Build.0 = Release|Win32
		{575FD39F-4654-4AC3-A25C-20BF0F35A73D}.Debug|ARM.ActiveCfg = Debug|Win32
		{575FD39F-4654-4AC3-A25C-20BF0F35A73D}.Debug|ARM64.ActiveCfg = Debug|Win32
		{575FD39F-4654-4AC3-A25C-20BF0F35A73D}.Debug|x64.ActiveCfg = Debug|x64
		{575FD39F-4654-4AC3-A25C-20BF0F35A73D}.Debug|x64.Build.0 = Debug|x64
		{575FD39F-4654-4AC3-A25C-20BF0F35A73D}.Debug|x86.ActiveCfg = Debug|Win32
		{575FD39F-4654-4AC3-A25C-20BF0F35A73D}.Debug|x86.Build.0 = Debug|Win32
		{575FD39F-4654-4AC3-A25C-20BF0F35A73D}.Release|ARM.ActiveCfg = Release|Win32
		{575FD39F-4654-4AC3-A25C-20BF0F35A73D}.Release|ARM64.ActiveCfg = Release|Win32
		{575FD39F-4654-4AC3-A25C-20BF0F35A73D}.Release|x64.ActiveCfg = Release|x64
		{575FD39F-4654-4AC3-A25C-20BF0F35A73D}.Release|x64.Build.0 = Release|x64
		{575FD39F-4654-4AC3-A25C-20BF0F35A73D}.Release|x86.ActiveCfg = Release|Win32
		{575FD39F-4654-4AC3-A25C-20BF0F35A73D}.Release|x86.Build.0 = Release|Win32
	EndGlobalSection
	GlobalSection(SolutionProperties) = preSolution
		HideSolutionNode = FALSE
	EndGlobalSection
	GlobalSection(ExtensibilityGlobals) = postSolution
		SolutionGuid = {21D8493C-212E-40A9-BD8E-9F42A1D04C22}
	EndGlobalSection
EndGlobal
